{
  "version": 4,
  "terraform_version": "1.15.1",
  "serial": 359,
  "lineage": "70253d94-dcd3-642b-de8e-ea0afe5c6978",
  "outputs": {
    "backend_api_url": {
      "value": "http://menuqr-vpc-api-1332465410.us-east-1.elb.amazonaws.com",
      "type": "string"
    },
    "backend_ecr_repository_url": {
      "value": "767397812108.dkr.ecr.us-east-1.amazonaws.com/menuqr-vpc-backend",
      "type": "string"
    },
    "backend_ecs_cluster_name": {
      "value": "menuqr-vpc-cluster",
      "type": "string"
    },
    "backend_ecs_service_name": {
      "value": "menuqr-vpc-backend",
      "type": "string"
    },
    "backend_images_s3_bucket": {
      "value": "menuqr-images20260516223446662300000004",
      "type": "string"
    },
    "backend_ml_s3_bucket": {
      "value": "menuqr-ml20260516223446662100000001",
      "type": "string"
    },
    "db_proxy_endpoint": {
      "value": "menuqr-rds-proxy.proxy-c9auakcmctma.us-east-1.rds.amazonaws.com",
      "type": "string"
    },
    "db_secret_arn": {
      "value": "arn:aws:secretsmanager:us-east-1:767397812108:secret:rds!db-c2357d1b-7efd-44f3-b253-dc97da104af5-lVyHW2",
      "type": "string"
    },
    "frontend_admin_s3_bucket": {
      "value": "menuqr-admin20260516223446662200000003",
      "type": "string"
    },
    "frontend_admin_website_url": {
      "value": "http://menuqr-admin20260516223446662200000003.s3-website-us-east-1.amazonaws.com",
      "type": "string"
    },
    "frontend_menu_s3_bucket": {
      "value": "menuqr-user20260516223446662200000002",
      "type": "string"
    },
    "frontend_menu_website_url": {
      "value": "http://menuqr-user20260516223446662200000002.s3-website-us-east-1.amazonaws.com",
      "type": "string"
    }
  },
  "resources": [
    {
      "mode": "data",
      "type": "aws_availability_zones",
      "name": "available",
      "provider": "provider[\"registry.terraform.io/hashicorp/aws\"]",
      "instances": [
        {
          "schema_version": 0,
          "attributes": {
            "all_availability_zones": null,
            "exclude_names": null,
            "exclude_zone_ids": null,
            "filter": null,
            "group_names": [
              "us-east-1-zg-1"
            ],
            "id": "us-east-1",
            "names": [
              "us-east-1a",
              "us-east-1b",
              "us-east-1c",
              "us-east-1d",
              "us-east-1e",
              "us-east-1f"
            ],
            "region": "us-east-1",
            "state": "available",
            "timeouts": null,
            "zone_ids": [
              "use1-az1",
              "use1-az2",
              "use1-az4",
              "use1-az6",
              "use1-az3",
              "use1-az5"
            ]
          },
          "sensitive_attributes": [],
          "identity_schema_version": 0
        }
      ]
    },
    {
      "mode": "data",
      "type": "aws_caller_identity",
      "name": "current",
      "provider": "provider[\"registry.terraform.io/hashicorp/aws\"]",
      "instances": [
        {
          "schema_version": 0,
          "attributes": {
            "account_id": "767397812108",
            "arn": "arn:aws:sts::767397812108:assumed-role/voclabs/user4552217=ctepedino@itba.edu.ar",
            "id": "767397812108",
            "user_id": "AROA3FLDZK6GFU3DNU4A5:user4552217=ctepedino@itba.edu.ar"
          },
          "sensitive_attributes": [],
          "identity_schema_version": 0
        }
      ]
    },
    {
      "mode": "data",
      "type": "aws_iam_role",
      "name": "lab_role",
      "provider": "provider[\"registry.terraform.io/hashicorp/aws\"]",
      "instances": [
        {
          "schema_version": 0,
          "attributes": {
            "arn": "arn:aws:iam::767397812108:role/LabRole",
            "assume_role_policy": "{\"Version\":\"2012-10-17\",\"Statement\":[{\"Effect\":\"Allow\",\"Principal\":{\"Service\":[\"cognito-idp.amazonaws.com\",\"eks-fargate-pods.amazonaws.com\",\"pipes.amazonaws.com\",\"backup.amazonaws.com\",\"kinesis.amazonaws.com\",\"apigateway.amazonaws.com\",\"firehose.amazonaws.com\",\"autoscaling.amazonaws.com\",\"sagemaker.amazonaws.com\",\"elasticmapreduce.amazonaws.com\",\"rds.amazonaws.com\",\"servicecatalog.amazonaws.com\",\"resource-groups.amazonaws.com\",\"kinesisanalytics.amazonaws.com\",\"deepracer.amazonaws.com\",\"dynamodb.amazonaws.com\",\"forecast.amazonaws.com\",\"ssm.amazonaws.com\",\"rekognition.amazonaws.com\",\"lambda.amazonaws.com\",\"athena.amazonaws.com\",\"sns.amazonaws.com\",\"iotanalytics.amazonaws.com\",\"kms.amazonaws.com\",\"databrew.amazonaws.com\",\"codedeploy.amazonaws.com\",\"secretsmanager.amazonaws.com\",\"sqs.amazonaws.com\",\"ec2.application-autoscaling.amazonaws.com\",\"s3.amazonaws.com\",\"redshift.amazonaws.com\",\"cloudformation.amazonaws.com\",\"elasticfilesystem.amazonaws.com\",\"application-autoscaling.amazonaws.com\",\"ecs.amazonaws.com\",\"elasticloadbalancing.amazonaws.com\",\"cloud9.amazonaws.com\",\"credentials.iot.amazonaws.com\",\"eks.amazonaws.com\",\"logs.amazonaws.com\",\"codewhisperer.amazonaws.com\",\"cloudtrail.amazonaws.com\",\"iot.amazonaws.com\",\"ec2.amazonaws.com\",\"glue.amazonaws.com\",\"elasticbeanstalk.amazonaws.com\",\"ecs-tasks.amazonaws.com\",\"events.amazonaws.com\",\"iotevents.amazonaws.com\",\"codecommit.amazonaws.com\",\"batch.amazonaws.com\",\"scheduler.amazonaws.com\",\"states.amazonaws.com\"],\"AWS\":\"arn:aws:iam::767397812108:role/LabRole\"},\"Action\":\"sts:AssumeRole\"}]}",
            "create_date": "2026-05-09T03:25:47Z",
            "description": "",
            "id": "LabRole",
            "max_session_duration": 3600,
            "name": "LabRole",
            "path": "/",
            "permissions_boundary": "",
            "role_last_used": [
              {
                "last_used_date": "2026-05-16T21:28:08Z",
                "region": "us-east-1"
              }
            ],
            "tags": {
              "cloudlab": "c206492a5260335l14518060t1w767397812108"
            },
            "unique_id": "AROA3FLDZK6GL3CIFIC6L"
          },
          "sensitive_attributes": [],
          "identity_schema_version": 0
        }
      ]
    },
    {
      "mode": "data",
      "type": "aws_region",
      "name": "current",
      "provider": "provider[\"registry.terraform.io/hashicorp/aws\"]",
      "instances": [
        {
          "schema_version": 0,
          "attributes": {
            "description": "US East (N. Virginia)",
            "endpoint": "ec2.us-east-1.amazonaws.com",
            "id": "us-east-1",
            "name": "us-east-1",
            "region": "us-east-1"
          },
          "sensitive_attributes": [],
          "identity_schema_version": 0
        }
      ]
    },
    {
      "mode": "managed",
      "type": "aws_cloudwatch_event_rule",
      "name": "ml_training_schedule",
      "provider": "provider[\"registry.terraform.io/hashicorp/aws\"]",
      "instances": [
        {
          "schema_version": 1,
          "attributes": {
            "arn": "arn:aws:events:us-east-1:767397812108:rule/menuqr-vpc-ml-training-schedule",
            "description": "Encola entrenamiento ML por tenant (Lambda orquestador)",
            "event_bus_name": "default",
            "event_pattern": null,
            "force_destroy": false,
            "id": "menuqr-vpc-ml-training-schedule",
            "is_enabled": true,
            "name": "menuqr-vpc-ml-training-schedule",
            "name_prefix": "",
            "region": "us-east-1",
            "role_arn": "",
            "schedule_expression": "cron(0 6 * * ? *)",
            "state": "ENABLED",
            "tags": null,
            "tags_all": {}
          },
          "sensitive_attributes": [],
          "identity_schema_version": 0,
          "identity": {
            "account_id": "767397812108",
            "name": "menuqr-vpc-ml-training-schedule",
            "region": "us-east-1"
          },
          "private": "eyJzY2hlbWFfdmVyc2lvbiI6IjEifQ=="
        }
      ]
    },
    {
      "mode": "managed",
      "type": "aws_cloudwatch_event_target",
      "name": "ml_orchestrator",
      "provider": "provider[\"registry.terraform.io/hashicorp/aws\"]",
      "instances": [
        {
          "schema_version": 1,
          "attributes": {
            "appsync_target": [],
            "arn": "arn:aws:lambda:us-east-1:767397812108:function:menuqr-ml-orchestrator",
            "batch_target": [],
            "dead_letter_config": [],
            "ecs_target": [],
            "event_bus_name": "default",
            "force_destroy": false,
            "http_target": [],
            "id": "menuqr-vpc-ml-training-schedule-orchestrator",
            "input": "",
            "input_path": "",
            "input_transformer": [],
            "kinesis_target": [],
            "redshift_target": [],
            "region": "us-east-1",
            "retry_policy": [],
            "role_arn": "",
            "rule": "menuqr-vpc-ml-training-schedule",
            "run_command_targets": [],
            "sagemaker_pipeline_target": [],
            "sqs_target": [],
            "target_id": "orchestrator"
          },
          "sensitive_attributes": [],
          "identity_schema_version": 0,
          "identity": {
            "account_id": "767397812108",
            "event_bus_name": "default",
            "region": "us-east-1",
            "rule": "menuqr-vpc-ml-training-schedule",
            "target_id": "orchestrator"
          },
          "private": "eyJzY2hlbWFfdmVyc2lvbiI6IjEifQ==",
          "dependencies": [
            "aws_cloudwatch_event_rule.ml_training_schedule",
            "aws_db_instance.db",
            "aws_security_group.db",
            "aws_security_group.db_client",
            "aws_security_group.proxy",
            "aws_sqs_queue.ml-training",
            "data.aws_availability_zones.available",
            "data.aws_iam_role.lab_role",
            "module.ml_orchestrator_lambda.aws_lambda_function.this",
            "module.ml_orchestrator_lambda.data.archive_file.lambda_zip",
            "module.rds_proxy.aws_cloudwatch_log_group.this",
            "module.rds_proxy.aws_db_proxy.this",
            "module.rds_proxy.aws_iam_role.this",
            "module.rds_proxy.data.aws_iam_policy_document.assume_role",
            "module.rds_proxy.data.aws_region.current",
            "module.rds_proxy.data.aws_service_principal.rds",
            "module.vpc.aws_db_subnet_group.database",
            "module.vpc.aws_subnet.database",
            "module.vpc.aws_subnet.private",
            "module.vpc.aws_vpc.this",
            "module.vpc.aws_vpc_ipv4_cidr_block_association.this"
          ]
        }
      ]
    },
    {
      "mode": "managed",
      "type": "aws_db_instance",
      "name": "db",
      "provider": "provider[\"registry.terraform.io/hashicorp/aws\"]",
      "instances": [
        {
          "schema_version": 2,
          "attributes": {
            "address": "menuqr-postgres.c9auakcmctma.us-east-1.rds.amazonaws.com",
            "allocated_storage": 20,
            "allow_major_version_upgrade": null,
            "apply_immediately": false,
            "arn": "arn:aws:rds:us-east-1:767397812108:db:menuqr-postgres",
            "auto_minor_version_upgrade": true,
            "availability_zone": "us-east-1b",
            "backup_retention_period": 7,
            "backup_target": "region",
            "backup_window": "06:10-06:40",
            "blue_green_update": [],
            "ca_cert_identifier": "rds-ca-rsa2048-g1",
            "character_set_name": "",
            "copy_tags_to_snapshot": false,
            "custom_iam_instance_profile": "",
            "customer_owned_ip_enabled": false,
            "database_insights_mode": "standard",
            "db_name": "menudigital",
            "db_subnet_group_name": "menuqr-vpc",
            "dedicated_log_volume": false,
            "delete_automated_backups": true,
            "deletion_protection": false,
            "domain": "",
            "domain_auth_secret_arn": "",
            "domain_dns_ips": null,
            "domain_fqdn": "",
            "domain_iam_role_name": "",
            "domain_ou": "",
            "enabled_cloudwatch_logs_exports": null,
            "endpoint": "menuqr-postgres.c9auakcmctma.us-east-1.rds.amazonaws.com:5432",
            "engine": "postgres",
            "engine_lifecycle_support": "open-source-rds-extended-support",
            "engine_version": "18.3",
            "engine_version_actual": "18.3",
            "final_snapshot_identifier": null,
            "hosted_zone_id": "Z2R2ITUGPM61AM",
            "iam_database_authentication_enabled": false,
            "id": "db-KDVSKZ3PIVPPMTWHOPRZ2GD2FM",
            "identifier": "menuqr-postgres",
            "identifier_prefix": "",
            "instance_class": "db.t4g.micro",
            "iops": 3000,
            "kms_key_id": "arn:aws:kms:us-east-1:767397812108:key/efede32a-e846-4fb6-882f-5848a3a12bbb",
            "latest_restorable_time": "2026-05-16T22:47:06Z",
            "license_model": "postgresql-license",
            "listener_endpoint": [],
            "maintenance_window": "tue:06:57-tue:07:27",
            "manage_master_user_password": true,
            "master_user_secret": [
              {
                "kms_key_id": "arn:aws:kms:us-east-1:767397812108:key/05dea644-aca9-41f0-a6ba-0e7e654ac0b3",
                "secret_arn": "arn:aws:secretsmanager:us-east-1:767397812108:secret:rds!db-c2357d1b-7efd-44f3-b253-dc97da104af5-lVyHW2",
                "secret_status": "active"
              }
            ],
            "master_user_secret_kms_key_id": null,
            "max_allocated_storage": 40,
            "monitoring_interval": 0,
            "monitoring_role_arn": "",
            "multi_az": true,
            "nchar_character_set_name": "",
            "network_type": "IPV4",
            "option_group_name": "default:postgres-18",
            "parameter_group_name": "default.postgres18",
            "password": null,
            "password_wo": null,
            "password_wo_version": null,
            "performance_insights_enabled": false,
            "performance_insights_kms_key_id": "",
            "performance_insights_retention_period": 0,
            "port": 5432,
            "publicly_accessible": false,
            "region": "us-east-1",
            "replica_mode": "",
            "replicas": [],
            "replicate_source_db": "",
            "resource_id": "db-KDVSKZ3PIVPPMTWHOPRZ2GD2FM",
            "restore_to_point_in_time": [],
            "s3_import": [],
            "skip_final_snapshot": true,
            "snapshot_identifier": null,
            "status": "available",
            "storage_encrypted": true,
            "storage_throughput": 125,
            "storage_type": "gp3",
            "tags": null,
            "tags_all": {},
            "timeouts": null,
            "timezone": "",
            "upgrade_rollout_order": "second",
            "upgrade_storage_config": null,
            "username": "menuqr_admin",
            "vpc_security_group_ids": [
              "sg-09b019e495d57f0c8"
            ]
          },
          "sensitive_attributes": [
            [
              {
                "type": "get_attr",
                "value": "password"
              }
            ],
            [
              {
                "type": "get_attr",
                "value": "password_wo"
              }
            ]
          ],
          "identity_schema_version": 0,
          "private": "eyJlMmJmYjczMC1lY2FhLTExZTYtOGY4OC0zNDM2M2JjN2M0YzAiOnsiY3JlYXRlIjozMDAwMDAwMDAwMDAwLCJkZWxldGUiOjM2MDAwMDAwMDAwMDAsInVwZGF0ZSI6NDgwMDAwMDAwMDAwMH0sInNjaGVtYV92ZXJzaW9uIjoiMiJ9",
          "dependencies": [
            "aws_security_group.db",
            "data.aws_availability_zones.available",
            "module.vpc.aws_db_subnet_group.database",
            "module.vpc.aws_subnet.database",
            "module.vpc.aws_vpc.this",
            "module.vpc.aws_vpc_ipv4_cidr_block_association.this"
          ]
        }
      ]
    },
    {
      "mode": "managed",
      "type": "aws_dynamodb_table",
      "name": "menuqr_events",
      "provider": "provider[\"registry.terraform.io/hashicorp/aws\"]",
      "instances": [
        {
          "schema_version": 1,
          "attributes": {
            "arn": "arn:aws:dynamodb:us-east-1:767397812108:table/menuqr-events",
            "attribute": [
              {
                "name": "PK",
                "type": "S"
              },
              {
                "name": "SK",
                "type": "S"
              }
            ],
            "billing_mode": "PAY_PER_REQUEST",
            "deletion_protection_enabled": false,
            "global_secondary_index": [],
            "global_table_witness": [],
            "hash_key": "PK",
            "id": "menuqr-events",
            "import_table": [],
            "local_secondary_index": [],
            "name": "menuqr-events",
            "on_demand_throughput": [],
            "point_in_time_recovery": [
              {
                "enabled": false,
                "recovery_period_in_days": 0
              }
            ],
            "range_key": "SK",
            "read_capacity": 0,
            "region": "us-east-1",
            "replica": [],
            "restore_backup_arn": null,
            "restore_date_time": null,
            "restore_source_name": null,
            "restore_source_table_arn": null,
            "restore_to_latest_time": null,
            "server_side_encryption": [],
            "stream_arn": "",
            "stream_enabled": false,
            "stream_label": "",
            "stream_view_type": "",
            "table_class": "STANDARD",
            "tags": null,
            "tags_all": {},
            "timeouts": null,
            "ttl": [
              {
                "attribute_name": "",
                "enabled": false
              }
            ],
            "warm_throughput": [],
            "write_capacity": 0
          },
          "sensitive_attributes": [],
          "identity_schema_version": 0,
          "identity": {
            "account_id": "767397812108",
            "name": "menuqr-events",
            "region": "us-east-1"
          },
          "private": "eyJlMmJmYjczMC1lY2FhLTExZTYtOGY4OC0zNDM2M2JjN2M0YzAiOnsiY3JlYXRlIjoxODAwMDAwMDAwMDAwLCJkZWxldGUiOjYwMDAwMDAwMDAwMCwidXBkYXRlIjozNjAwMDAwMDAwMDAwfSwic2NoZW1hX3ZlcnNpb24iOiIxIn0="
        }
      ]
    },
    {
      "mode": "managed",
      "type": "aws_ecr_repository",
      "name": "backend",
      "provider": "provider[\"registry.terraform.io/hashicorp/aws\"]",
      "instances": [
        {
          "schema_version": 0,
          "attributes": {
            "arn": "arn:aws:ecr:us-east-1:767397812108:repository/menuqr-vpc-backend",
            "encryption_configuration": [
              {
                "encryption_type": "AES256",
                "kms_key": ""
              }
            ],
            "force_delete": true,
            "id": "menuqr-vpc-backend",
            "image_scanning_configuration": [
              {
                "scan_on_push": true
              }
            ],
            "image_tag_mutability": "MUTABLE",
            "image_tag_mutability_exclusion_filter": [],
            "name": "menuqr-vpc-backend",
            "region": "us-east-1",
            "registry_id": "767397812108",
            "repository_url": "767397812108.dkr.ecr.us-east-1.amazonaws.com/menuqr-vpc-backend",
            "tags": null,
            "tags_all": {},
            "timeouts": null
          },
          "sensitive_attributes": [],
          "identity_schema_version": 0,
          "identity": {
            "account_id": "767397812108",
            "name": "menuqr-vpc-backend",
            "region": "us-east-1"
          },
          "private": "eyJlMmJmYjczMC1lY2FhLTExZTYtOGY4OC0zNDM2M2JjN2M0YzAiOnsiZGVsZXRlIjoxMjAwMDAwMDAwMDAwfX0="
        }
      ]
    },
    {
      "mode": "managed",
      "type": "aws_ecs_cluster",
      "name": "backend",
      "provider": "provider[\"registry.terraform.io/hashicorp/aws\"]",
      "instances": [
        {
          "schema_version": 0,
          "attributes": {
            "arn": "arn:aws:ecs:us-east-1:767397812108:cluster/menuqr-vpc-cluster",
            "configuration": [],
            "id": "arn:aws:ecs:us-east-1:767397812108:cluster/menuqr-vpc-cluster",
            "name": "menuqr-vpc-cluster",
            "region": "us-east-1",
            "service_connect_defaults": [],
            "setting": [
              {
                "name": "containerInsights",
                "value": "disabled"
              }
            ],
            "tags": null,
            "tags_all": {}
          },
          "sensitive_attributes": [],
          "identity_schema_version": 0,
          "private": "bnVsbA=="
        }
      ]
    },
    {
      "mode": "managed",
      "type": "aws_ecs_service",
      "name": "backend",
      "provider": "provider[\"registry.terraform.io/hashicorp/aws\"]",
      "instances": [
        {
          "schema_version": 1,
          "attributes": {
            "alarms": [],
            "arn": "arn:aws:ecs:us-east-1:767397812108:service/menuqr-vpc-cluster/menuqr-vpc-backend",
            "availability_zone_rebalancing": "ENABLED",
            "capacity_provider_strategy": [],
            "cluster": "arn:aws:ecs:us-east-1:767397812108:cluster/menuqr-vpc-cluster",
            "deployment_circuit_breaker": [
              {
                "enable": false,
                "rollback": false
              }
            ],
            "deployment_configuration": [
              {
                "bake_time_in_minutes": "0",
                "canary_configuration": [],
                "lifecycle_hook": [],
                "linear_configuration": [],
                "strategy": "ROLLING"
              }
            ],
            "deployment_controller": [
              {
                "type": "ECS"
              }
            ],
            "deployment_maximum_percent": 200,
            "deployment_minimum_healthy_percent": 100,
            "desired_count": 2,
            "enable_ecs_managed_tags": false,
            "enable_execute_command": false,
            "force_delete": null,
            "force_new_deployment": null,
            "health_check_grace_period_seconds": 0,
            "iam_role": "/aws-service-role/ecs.amazonaws.com/AWSServiceRoleForECS",
            "id": "arn:aws:ecs:us-east-1:767397812108:service/menuqr-vpc-cluster/menuqr-vpc-backend",
            "launch_type": "FARGATE",
            "load_balancer": [
              {
                "advanced_configuration": [],
                "container_name": "backend",
                "container_port": 8080,
                "elb_name": "",
                "target_group_arn": "arn:aws:elasticloadbalancing:us-east-1:767397812108:targetgroup/mq-20260516223451260300000008/ca77bc3b21089fac"
              }
            ],
            "name": "menuqr-vpc-backend",
            "network_configuration": [
              {
                "assign_public_ip": false,
                "security_groups": [
                  "sg-043d7e71d2cf11a93",
                  "sg-063d37468a5b80755"
                ],
                "subnets": [
                  "subnet-03e2100c19e8cd6ba",
                  "subnet-0455bf499f2264bd0"
                ]
              }
            ],
            "ordered_placement_strategy": [],
            "placement_constraints": [],
            "platform_version": "LATEST",
            "propagate_tags": "NONE",
            "region": "us-east-1",
            "scheduling_strategy": "REPLICA",
            "service_connect_configuration": [],
            "service_registries": [],
            "sigint_rollback": null,
            "tags": null,
            "tags_all": {},
            "task_definition": "arn:aws:ecs:us-east-1:767397812108:task-definition/menuqr-vpc-backend:2",
            "timeouts": null,
            "triggers": {},
            "volume_configuration": [],
            "vpc_lattice_configurations": [],
            "wait_for_steady_state": false
          },
          "sensitive_attributes": [],
          "identity_schema_version": 0,
          "identity": {
            "account_id": "767397812108",
            "cluster": "arn:aws:ecs:us-east-1:767397812108:cluster/menuqr-vpc-cluster",
            "name": "menuqr-vpc-backend",
            "region": "us-east-1"
          },
          "private": "eyJlMmJmYjczMC1lY2FhLTExZTYtOGY4OC0zNDM2M2JjN2M0YzAiOnsiY3JlYXRlIjoxMjAwMDAwMDAwMDAwLCJkZWxldGUiOjEyMDAwMDAwMDAwMDAsInVwZGF0ZSI6MTIwMDAwMDAwMDAwMH0sInNjaGVtYV92ZXJzaW9uIjoiMSJ9",
          "dependencies": [
            "aws_db_instance.db",
            "aws_dynamodb_table.menuqr_events",
            "aws_ecr_repository.backend",
            "aws_ecs_cluster.backend",
            "aws_ecs_task_definition.backend",
            "aws_lb.backend",
            "aws_lb_listener.backend_http",
            "aws_lb_target_group.backend",
            "aws_security_group.alb",
            "aws_security_group.db",
            "aws_security_group.db_client",
            "aws_security_group.fargate",
            "aws_security_group.proxy",
            "data.aws_availability_zones.available",
            "data.aws_iam_role.lab_role",
            "data.aws_region.current",
            "module.rds_proxy.aws_cloudwatch_log_group.this",
            "module.rds_proxy.aws_db_proxy.this",
            "module.rds_proxy.aws_iam_role.this",
            "module.rds_proxy.data.aws_iam_policy_document.assume_role",
            "module.rds_proxy.data.aws_region.current",
            "module.rds_proxy.data.aws_service_principal.rds",
            "module.s3-private-buckets.aws_s3_bucket.this",
            "module.s3-private-buckets.aws_s3_bucket_ownership_controls.this",
            "module.s3-private-buckets.aws_s3_bucket_public_access_block.this",
            "module.s3-private-buckets.aws_s3_bucket_server_side_encryption_configuration.this",
            "module.s3-private-buckets.aws_s3_bucket_versioning.this",
            "module.vpc.aws_db_subnet_group.database",
            "module.vpc.aws_subnet.database",
            "module.vpc.aws_subnet.private",
            "module.vpc.aws_subnet.public",
            "module.vpc.aws_vpc.this",
            "module.vpc.aws_vpc_ipv4_cidr_block_association.this"
          ]
        }
      ]
    },
    {
      "mode": "managed",
      "type": "aws_ecs_task_definition",
      "name": "backend",
      "provider": "provider[\"registry.terraform.io/hashicorp/aws\"]",
      "instances": [
        {
          "schema_version": 1,
          "attributes": {
            "arn": "arn:aws:ecs:us-east-1:767397812108:task-definition/menuqr-vpc-backend:2",
            "arn_without_revision": "arn:aws:ecs:us-east-1:767397812108:task-definition/menuqr-vpc-backend",
            "container_definitions": "[{\"environment\":[{\"name\":\"AWS_REGION\",\"value\":\"us-east-1\"},{\"name\":\"DB_SECRET_ARN\",\"value\":\"arn:aws:secretsmanager:us-east-1:767397812108:secret:rds!db-c2357d1b-7efd-44f3-b253-dc97da104af5-lVyHW2\"},{\"name\":\"DB_SECRET_CACHE_SECONDS\",\"value\":\"300\"},{\"name\":\"DB_URL\",\"value\":\"jdbc:postgresql://menuqr-rds-proxy.proxy-c9auakcmctma.us-east-1.rds.amazonaws.com:5432/menudigital\"},{\"name\":\"DYNAMO_TABLE\",\"value\":\"menuqr-events\"},{\"name\":\"QUARKUS_PROFILE\",\"value\":\"prod\"},{\"name\":\"RECOMMENDATIONS_MODEL_S3_BUCKET\",\"value\":\"menuqr-ml20260516223446662100000001\"},{\"name\":\"S3_BUCKET\",\"value\":\"menuqr-images20260516223446662300000004\"},{\"name\":\"S3_PUBLIC_URL\",\"value\":\"https://menuqr-images20260516223446662300000004.s3.us-east-1.amazonaws.com\"}],\"essential\":true,\"image\":\"767397812108.dkr.ecr.us-east-1.amazonaws.com/menuqr-vpc-backend:latest\",\"mountPoints\":[],\"name\":\"backend\",\"portMappings\":[{\"containerPort\":8080,\"hostPort\":8080,\"protocol\":\"tcp\"}],\"systemControls\":[],\"volumesFrom\":[]}]",
            "cpu": "512",
            "enable_fault_injection": false,
            "ephemeral_storage": [],
            "execution_role_arn": "arn:aws:iam::767397812108:role/LabRole",
            "family": "menuqr-vpc-backend",
            "id": "menuqr-vpc-backend",
            "ipc_mode": "",
            "memory": "1024",
            "network_mode": "awsvpc",
            "pid_mode": "",
            "placement_constraints": [],
            "proxy_configuration": [],
            "region": "us-east-1",
            "requires_compatibilities": [
              "FARGATE"
            ],
            "revision": 2,
            "runtime_platform": [],
            "skip_destroy": false,
            "tags": null,
            "tags_all": {},
            "task_role_arn": "arn:aws:iam::767397812108:role/LabRole",
            "track_latest": false,
            "volume": []
          },
          "sensitive_attributes": [],
          "identity_schema_version": 0,
          "identity": {
            "account_id": "767397812108",
            "family": "menuqr-vpc-backend",
            "region": "us-east-1",
            "revision": 2
          },
          "private": "eyJzY2hlbWFfdmVyc2lvbiI6IjEifQ==",
          "dependencies": [
            "aws_db_instance.db",
            "aws_dynamodb_table.menuqr_events",
            "aws_ecr_repository.backend",
            "aws_security_group.db",
            "aws_security_group.proxy",
            "data.aws_availability_zones.available",
            "data.aws_iam_role.lab_role",
            "data.aws_region.current",
            "module.rds_proxy.aws_cloudwatch_log_group.this",
            "module.rds_proxy.aws_db_proxy.this",
            "module.rds_proxy.aws_iam_role.this",
            "module.rds_proxy.data.aws_iam_policy_document.assume_role",
            "module.rds_proxy.data.aws_region.current",
            "module.rds_proxy.data.aws_service_principal.rds",
            "module.s3-private-buckets.aws_s3_bucket.this",
            "module.s3-private-buckets.aws_s3_bucket_ownership_controls.this",
            "module.s3-private-buckets.aws_s3_bucket_public_access_block.this",
            "module.s3-private-buckets.aws_s3_bucket_server_side_encryption_configuration.this",
            "module.s3-private-buckets.aws_s3_bucket_versioning.this",
            "module.vpc.aws_db_subnet_group.database",
            "module.vpc.aws_subnet.database",
            "module.vpc.aws_subnet.private",
            "module.vpc.aws_vpc.this",
            "module.vpc.aws_vpc_ipv4_cidr_block_association.this"
          ]
        }
      ]
    },
    {
      "mode": "managed",
      "type": "aws_lambda_event_source_mapping",
      "name": "ml_worker_sqs",
      "provider": "provider[\"registry.terraform.io/hashicorp/aws\"]",
      "instances": [
        {
          "schema_version": 0,
          "attributes": {
            "amazon_managed_kafka_event_source_config": [],
            "arn": "arn:aws:lambda:us-east-1:767397812108:event-source-mapping:ec26b303-a793-43eb-8fdb-bbb10e1faf8b",
            "batch_size": 10,
            "bisect_batch_on_function_error": false,
            "destination_config": [],
            "document_db_event_source_config": [],
            "enabled": true,
            "event_source_arn": "arn:aws:sqs:us-east-1:767397812108:ml-training-queue",
            "filter_criteria": [],
            "function_arn": "arn:aws:lambda:us-east-1:767397812108:function:menuqr-ml-worker",
            "function_name": "arn:aws:lambda:us-east-1:767397812108:function:menuqr-ml-worker",
            "function_response_types": [
              "ReportBatchItemFailures"
            ],
            "id": "ec26b303-a793-43eb-8fdb-bbb10e1faf8b",
            "kms_key_arn": "",
            "last_modified": "2026-05-16T22:35:14Z",
            "last_processing_result": "",
            "maximum_batching_window_in_seconds": 0,
            "maximum_record_age_in_seconds": 0,
            "maximum_retry_attempts": 0,
            "metrics_config": [],
            "parallelization_factor": 0,
            "provisioned_poller_config": [],
            "queues": null,
            "region": "us-east-1",
            "scaling_config": [],
            "self_managed_event_source": [],
            "self_managed_kafka_event_source_config": [],
            "source_access_configuration": [],
            "starting_position": "",
            "starting_position_timestamp": "",
            "state": "Enabled",
            "state_transition_reason": "USER_INITIATED",
            "tags": null,
            "tags_all": {},
            "topics": null,
            "tumbling_window_in_seconds": 0,
            "uuid": "ec26b303-a793-43eb-8fdb-bbb10e1faf8b"
          },
          "sensitive_attributes": [],
          "identity_schema_version": 0,
          "identity": {
            "account_id": "767397812108",
            "region": "us-east-1",
            "uuid": "ec26b303-a793-43eb-8fdb-bbb10e1faf8b"
          },
          "private": "bnVsbA==",
          "dependencies": [
            "aws_dynamodb_table.menuqr_events",
            "aws_sqs_queue.ml-training",
            "data.aws_iam_role.lab_role",
            "module.ml_worker_lambda.aws_lambda_function.this",
            "module.ml_worker_lambda.data.archive_file.lambda_zip",
            "module.s3-private-buckets.aws_s3_bucket.this",
            "module.s3-private-buckets.aws_s3_bucket_ownership_controls.this",
            "module.s3-private-buckets.aws_s3_bucket_public_access_block.this",
            "module.s3-private-buckets.aws_s3_bucket_server_side_encryption_configuration.this",
            "module.s3-private-buckets.aws_s3_bucket_versioning.this"
          ]
        }
      ]
    },
    {
      "mode": "managed",
      "type": "aws_lambda_permission",
      "name": "ml_orchestrator_eventbridge",
      "provider": "provider[\"registry.terraform.io/hashicorp/aws\"]",
      "instances": [
        {
          "schema_version": 0,
          "attributes": {
            "action": "lambda:InvokeFunction",
            "event_source_token": null,
            "function_name": "menuqr-ml-orchestrator",
            "function_url_auth_type": null,
            "id": "AllowExecutionFromEventBridge",
            "invoked_via_function_url": null,
            "principal": "events.amazonaws.com",
            "principal_org_id": null,
            "qualifier": "",
            "region": "us-east-1",
            "source_account": null,
            "source_arn": "arn:aws:events:us-east-1:767397812108:rule/menuqr-vpc-ml-training-schedule",
            "statement_id": "AllowExecutionFromEventBridge",
            "statement_id_prefix": ""
          },
          "sensitive_attributes": [],
          "identity_schema_version": 0,
          "identity": {
            "account_id": "767397812108",
            "function_name": "menuqr-ml-orchestrator",
            "qualifier": null,
            "region": "us-east-1",
            "statement_id": "AllowExecutionFromEventBridge"
          },
          "private": "bnVsbA==",
          "dependencies": [
            "aws_cloudwatch_event_rule.ml_training_schedule",
            "aws_db_instance.db",
            "aws_security_group.db",
            "aws_security_group.db_client",
            "aws_security_group.proxy",
            "aws_sqs_queue.ml-training",
            "data.aws_availability_zones.available",
            "data.aws_iam_role.lab_role",
            "module.ml_orchestrator_lambda.aws_lambda_function.this",
            "module.ml_orchestrator_lambda.data.archive_file.lambda_zip",
            "module.rds_proxy.aws_cloudwatch_log_group.this",
            "module.rds_proxy.aws_db_proxy.this",
            "module.rds_proxy.aws_iam_role.this",
            "module.rds_proxy.data.aws_iam_policy_document.assume_role",
            "module.rds_proxy.data.aws_region.current",
            "module.rds_proxy.data.aws_service_principal.rds",
            "module.vpc.aws_db_subnet_group.database",
            "module.vpc.aws_subnet.database",
            "module.vpc.aws_subnet.private",
            "module.vpc.aws_vpc.this",
            "module.vpc.aws_vpc_ipv4_cidr_block_association.this"
          ]
        }
      ]
    },
    {
      "mode": "managed",
      "type": "aws_lb",
      "name": "backend",
      "provider": "provider[\"registry.terraform.io/hashicorp/aws\"]",
      "instances": [
        {
          "schema_version": 0,
          "attributes": {
            "access_logs": [
              {
                "bucket": "",
                "enabled": false,
                "prefix": ""
              }
            ],
            "arn": "arn:aws:elasticloadbalancing:us-east-1:767397812108:loadbalancer/app/menuqr-vpc-api/c344bcca33b2f073",
            "arn_suffix": "app/menuqr-vpc-api/c344bcca33b2f073",
            "client_keep_alive": 3600,
            "connection_logs": [
              {
                "bucket": "",
                "enabled": false,
                "prefix": ""
              }
            ],
            "customer_owned_ipv4_pool": "",
            "desync_mitigation_mode": "defensive",
            "dns_name": "menuqr-vpc-api-1332465410.us-east-1.elb.amazonaws.com",
            "dns_record_client_routing_policy": null,
            "drop_invalid_header_fields": false,
            "enable_cross_zone_load_balancing": true,
            "enable_deletion_protection": false,
            "enable_http2": true,
            "enable_tls_version_and_cipher_suite_headers": false,
            "enable_waf_fail_open": false,
            "enable_xff_client_port": false,
            "enable_zonal_shift": false,
            "enforce_security_group_inbound_rules_on_private_link_traffic": "",
            "health_check_logs": [
              {
                "bucket": "",
                "enabled": false,
                "prefix": ""
              }
            ],
            "id": "arn:aws:elasticloadbalancing:us-east-1:767397812108:loadbalancer/app/menuqr-vpc-api/c344bcca33b2f073",
            "idle_timeout": 60,
            "internal": false,
            "ip_address_type": "ipv4",
            "ipam_pools": [],
            "load_balancer_type": "application",
            "minimum_load_balancer_capacity": [],
            "name": "menuqr-vpc-api",
            "name_prefix": "",
            "preserve_host_header": false,
            "region": "us-east-1",
            "secondary_ips_auto_assigned_per_subnet": null,
            "security_groups": [
              "sg-0a00dcba37cea4a92"
            ],
            "subnet_mapping": [
              {
                "allocation_id": "",
                "ipv6_address": "",
                "outpost_id": "",
                "private_ipv4_address": "",
                "subnet_id": "subnet-0b108cc22f58ba3d5"
              },
              {
                "allocation_id": "",
                "ipv6_address": "",
                "outpost_id": "",
                "private_ipv4_address": "",
                "subnet_id": "subnet-0ca2191dc772af18c"
              }
            ],
            "subnets": [
              "subnet-0b108cc22f58ba3d5",
              "subnet-0ca2191dc772af18c"
            ],
            "tags": null,
            "tags_all": {},
            "timeouts": null,
            "vpc_id": "vpc-07c0dc45d6acf97fa",
            "xff_header_processing_mode": "append",
            "zone_id": "Z35SXDOTRQ7X7K"
          },
          "sensitive_attributes": [],
          "identity_schema_version": 0,
          "identity": {
            "arn": "arn:aws:elasticloadbalancing:us-east-1:767397812108:loadbalancer/app/menuqr-vpc-api/c344bcca33b2f073"
          },
          "private": "eyJlMmJmYjczMC1lY2FhLTExZTYtOGY4OC0zNDM2M2JjN2M0YzAiOnsiY3JlYXRlIjo2MDAwMDAwMDAwMDAsImRlbGV0ZSI6NjAwMDAwMDAwMDAwLCJ1cGRhdGUiOjYwMDAwMDAwMDAwMH19",
          "dependencies": [
            "aws_security_group.alb",
            "data.aws_availability_zones.available",
            "module.vpc.aws_subnet.public",
            "module.vpc.aws_vpc.this",
            "module.vpc.aws_vpc_ipv4_cidr_block_association.this"
          ]
        }
      ]
    },
    {
      "mode": "managed",
      "type": "aws_lb_listener",
      "name": "backend_http",
      "provider": "provider[\"registry.terraform.io/hashicorp/aws\"]",
      "instances": [
        {
          "schema_version": 0,
          "attributes": {
            "alpn_policy": null,
            "arn": "arn:aws:elasticloadbalancing:us-east-1:767397812108:listener/app/menuqr-vpc-api/c344bcca33b2f073/83961a08a791c0cf",
            "certificate_arn": null,
            "default_action": [
              {
                "authenticate_cognito": [],
                "authenticate_oidc": [],
                "fixed_response": [],
                "forward": [],
                "jwt_validation": [],
                "order": 1,
                "redirect": [],
                "target_group_arn": "arn:aws:elasticloadbalancing:us-east-1:767397812108:targetgroup/mq-20260516223451260300000008/ca77bc3b21089fac",
                "type": "forward"
              }
            ],
            "id": "arn:aws:elasticloadbalancing:us-east-1:767397812108:listener/app/menuqr-vpc-api/c344bcca33b2f073/83961a08a791c0cf",
            "load_balancer_arn": "arn:aws:elasticloadbalancing:us-east-1:767397812108:loadbalancer/app/menuqr-vpc-api/c344bcca33b2f073",
            "mutual_authentication": [],
            "port": 80,
            "protocol": "HTTP",
            "region": "us-east-1",
            "routing_http_request_x_amzn_mtls_clientcert_header_name": null,
            "routing_http_request_x_amzn_mtls_clientcert_issuer_header_name": null,
            "routing_http_request_x_amzn_mtls_clientcert_leaf_header_name": null,
            "routing_http_request_x_amzn_mtls_clientcert_serial_number_header_name": null,
            "routing_http_request_x_amzn_mtls_clientcert_subject_header_name": null,
            "routing_http_request_x_amzn_mtls_clientcert_validity_header_name": null,
            "routing_http_request_x_amzn_tls_cipher_suite_header_name": null,
            "routing_http_request_x_amzn_tls_version_header_name": null,
            "routing_http_response_access_control_allow_credentials_header_value": "",
            "routing_http_response_access_control_allow_headers_header_value": "",
            "routing_http_response_access_control_allow_methods_header_value": "",
            "routing_http_response_access_control_allow_origin_header_value": "",
            "routing_http_response_access_control_expose_headers_header_value": "",
            "routing_http_response_access_control_max_age_header_value": "",
            "routing_http_response_content_security_policy_header_value": "",
            "routing_http_response_server_enabled": true,
            "routing_http_response_strict_transport_security_header_value": "",
            "routing_http_response_x_content_type_options_header_value": "",
            "routing_http_response_x_frame_options_header_value": "",
            "ssl_policy": "",
            "tags": null,
            "tags_all": {},
            "tcp_idle_timeout_seconds": null,
            "timeouts": null
          },
          "sensitive_attributes": [],
          "identity_schema_version": 0,
          "identity": {
            "arn": "arn:aws:elasticloadbalancing:us-east-1:767397812108:listener/app/menuqr-vpc-api/c344bcca33b2f073/83961a08a791c0cf"
          },
          "private": "eyJlMmJmYjczMC1lY2FhLTExZTYtOGY4OC0zNDM2M2JjN2M0YzAiOnsiY3JlYXRlIjozMDAwMDAwMDAwMDAsInVwZGF0ZSI6MzAwMDAwMDAwMDAwfX0=",
          "dependencies": [
            "aws_lb.backend",
            "aws_lb_target_group.backend",
            "aws_security_group.alb",
            "data.aws_availability_zones.available",
            "module.vpc.aws_subnet.public",
            "module.vpc.aws_vpc.this",
            "module.vpc.aws_vpc_ipv4_cidr_block_association.this"
          ]
        }
      ]
    },
    {
      "mode": "managed",
      "type": "aws_lb_target_group",
      "name": "backend",
      "provider": "provider[\"registry.terraform.io/hashicorp/aws\"]",
      "instances": [
        {
          "schema_version": 0,
          "attributes": {
            "arn": "arn:aws:elasticloadbalancing:us-east-1:767397812108:targetgroup/mq-20260516223451260300000008/ca77bc3b21089fac",
            "arn_suffix": "targetgroup/mq-20260516223451260300000008/ca77bc3b21089fac",
            "connection_termination": null,
            "deregistration_delay": "300",
            "health_check": [
              {
                "enabled": true,
                "healthy_threshold": 2,
                "interval": 30,
                "matcher": "200",
                "path": "/q/health/ready",
                "port": "traffic-port",
                "protocol": "HTTP",
                "timeout": 5,
                "unhealthy_threshold": 3
              }
            ],
            "id": "arn:aws:elasticloadbalancing:us-east-1:767397812108:targetgroup/mq-20260516223451260300000008/ca77bc3b21089fac",
            "ip_address_type": "ipv4",
            "lambda_multi_value_headers_enabled": false,
            "load_balancer_arns": [],
            "load_balancing_algorithm_type": "round_robin",
            "load_balancing_anomaly_mitigation": "off",
            "load_balancing_cross_zone_enabled": "use_load_balancer_configuration",
            "name": "mq-20260516223451260300000008",
            "name_prefix": "mq-",
            "port": 8080,
            "preserve_client_ip": null,
            "protocol": "HTTP",
            "protocol_version": "HTTP1",
            "proxy_protocol_v2": false,
            "region": "us-east-1",
            "slow_start": 0,
            "stickiness": [
              {
                "cookie_duration": 86400,
                "cookie_name": "",
                "enabled": false,
                "type": "lb_cookie"
              }
            ],
            "tags": null,
            "tags_all": {},
            "target_control_port": 0,
            "target_failover": [
              {
                "on_deregistration": null,
                "on_unhealthy": null
              }
            ],
            "target_group_health": [
              {
                "dns_failover": [
                  {
                    "minimum_healthy_targets_count": "1",
                    "minimum_healthy_targets_percentage": "off"
                  }
                ],
                "unhealthy_state_routing": [
                  {
                    "minimum_healthy_targets_count": 1,
                    "minimum_healthy_targets_percentage": "off"
                  }
                ]
              }
            ],
            "target_health_state": [
              {
                "enable_unhealthy_connection_termination": null,
                "unhealthy_draining_interval": null
              }
            ],
            "target_type": "ip",
            "vpc_id": "vpc-07c0dc45d6acf97fa"
          },
          "sensitive_attributes": [],
          "identity_schema_version": 0,
          "identity": {
            "arn": "arn:aws:elasticloadbalancing:us-east-1:767397812108:targetgroup/mq-20260516223451260300000008/ca77bc3b21089fac"
          },
          "private": "bnVsbA==",
          "dependencies": [
            "module.vpc.aws_vpc.this"
          ],
          "create_before_destroy": true
        }
      ]
    },
    {
      "mode": "managed",
      "type": "aws_security_group",
      "name": "alb",
      "provider": "provider[\"registry.terraform.io/hashicorp/aws\"]",
      "instances": [
        {
          "schema_version": 1,
          "attributes": {
            "arn": "arn:aws:ec2:us-east-1:767397812108:security-group/sg-0a00dcba37cea4a92",
            "description": "Managed by Terraform",
            "egress": [
              {
                "cidr_blocks": [
                  "0.0.0.0/0"
                ],
                "description": "",
                "from_port": 0,
                "ipv6_cidr_blocks": [],
                "prefix_list_ids": [],
                "protocol": "-1",
                "security_groups": [],
                "self": false,
                "to_port": 0
              }
            ],
            "id": "sg-0a00dcba37cea4a92",
            "ingress": [
              {
                "cidr_blocks": [
                  "0.0.0.0/0"
                ],
                "description": "HTTP",
                "from_port": 80,
                "ipv6_cidr_blocks": [],
                "prefix_list_ids": [],
                "protocol": "tcp",
                "security_groups": [],
                "self": false,
                "to_port": 80
              }
            ],
            "name": "menuqr-vpc-alb-20260516223452350100000009",
            "name_prefix": "menuqr-vpc-alb-",
            "owner_id": "767397812108",
            "region": "us-east-1",
            "revoke_rules_on_delete": false,
            "tags": null,
            "tags_all": {},
            "timeouts": null,
            "vpc_id": "vpc-07c0dc45d6acf97fa"
          },
          "sensitive_attributes": [],
          "identity_schema_version": 0,
          "identity": {
            "account_id": "767397812108",
            "id": "sg-0a00dcba37cea4a92",
            "region": "us-east-1"
          },
          "private": "eyJlMmJmYjczMC1lY2FhLTExZTYtOGY4OC0zNDM2M2JjN2M0YzAiOnsiY3JlYXRlIjo2MDAwMDAwMDAwMDAsImRlbGV0ZSI6OTAwMDAwMDAwMDAwfSwic2NoZW1hX3ZlcnNpb24iOiIxIn0=",
          "dependencies": [
            "module.vpc.aws_vpc.this"
          ],
          "create_before_destroy": true
        }
      ]
    },
    {
      "mode": "managed",
      "type": "aws_security_group",
      "name": "db",
      "provider": "provider[\"registry.terraform.io/hashicorp/aws\"]",
      "instances": [
        {
          "schema_version": 1,
          "attributes": {
            "arn": "arn:aws:ec2:us-east-1:767397812108:security-group/sg-09b019e495d57f0c8",
            "description": "Managed by Terraform",
            "egress": [],
            "id": "sg-09b019e495d57f0c8",
            "ingress": [],
            "name": "menuqr-rds-20260516223451175200000006",
            "name_prefix": "menuqr-rds-",
            "owner_id": "767397812108",
            "region": "us-east-1",
            "revoke_rules_on_delete": false,
            "tags": null,
            "tags_all": {},
            "timeouts": null,
            "vpc_id": "vpc-07c0dc45d6acf97fa"
          },
          "sensitive_attributes": [],
          "identity_schema_version": 0,
          "identity": {
            "account_id": "767397812108",
            "id": "sg-09b019e495d57f0c8",
            "region": "us-east-1"
          },
          "private": "eyJlMmJmYjczMC1lY2FhLTExZTYtOGY4OC0zNDM2M2JjN2M0YzAiOnsiY3JlYXRlIjo2MDAwMDAwMDAwMDAsImRlbGV0ZSI6OTAwMDAwMDAwMDAwfSwic2NoZW1hX3ZlcnNpb24iOiIxIn0=",
          "dependencies": [
            "module.vpc.aws_vpc.this"
          ],
          "create_before_destroy": true
        }
      ]
    },
    {
      "mode": "managed",
      "type": "aws_security_group",
      "name": "db_client",
      "provider": "provider[\"registry.terraform.io/hashicorp/aws\"]",
      "instances": [
        {
          "schema_version": 1,
          "attributes": {
            "arn": "arn:aws:ec2:us-east-1:767397812108:security-group/sg-063d37468a5b80755",
            "description": "Managed by Terraform",
            "egress": [
              {
                "cidr_blocks": [
                  "0.0.0.0/0"
                ],
                "description": "",
                "from_port": 0,
                "ipv6_cidr_blocks": [],
                "prefix_list_ids": [],
                "protocol": "-1",
                "security_groups": [],
                "self": false,
                "to_port": 0
              }
            ],
            "id": "sg-063d37468a5b80755",
            "ingress": [],
            "name": "menuqr-db-client-20260516223451172300000005",
            "name_prefix": "menuqr-db-client-",
            "owner_id": "767397812108",
            "region": "us-east-1",
            "revoke_rules_on_delete": false,
            "tags": null,
            "tags_all": {},
            "timeouts": null,
            "vpc_id": "vpc-07c0dc45d6acf97fa"
          },
          "sensitive_attributes": [],
          "identity_schema_version": 0,
          "identity": {
            "account_id": "767397812108",
            "id": "sg-063d37468a5b80755",
            "region": "us-east-1"
          },
          "private": "eyJlMmJmYjczMC1lY2FhLTExZTYtOGY4OC0zNDM2M2JjN2M0YzAiOnsiY3JlYXRlIjo2MDAwMDAwMDAwMDAsImRlbGV0ZSI6OTAwMDAwMDAwMDAwfSwic2NoZW1hX3ZlcnNpb24iOiIxIn0=",
          "dependencies": [
            "module.vpc.aws_vpc.this"
          ],
          "create_before_destroy": true
        }
      ]
    },
    {
      "mode": "managed",
      "type": "aws_security_group",
      "name": "fargate",
      "provider": "provider[\"registry.terraform.io/hashicorp/aws\"]",
      "instances": [
        {
          "schema_version": 1,
          "attributes": {
            "arn": "arn:aws:ec2:us-east-1:767397812108:security-group/sg-043d7e71d2cf11a93",
            "description": "Managed by Terraform",
            "egress": [
              {
                "cidr_blocks": [
                  "0.0.0.0/0"
                ],
                "description": "",
                "from_port": 0,
                "ipv6_cidr_blocks": [],
                "prefix_list_ids": [],
                "protocol": "-1",
                "security_groups": [],
                "self": false,
                "to_port": 0
              }
            ],
            "id": "sg-043d7e71d2cf11a93",
            "ingress": [
              {
                "cidr_blocks": [],
                "description": "Quarkus desde ALB",
                "from_port": 8080,
                "ipv6_cidr_blocks": [],
                "prefix_list_ids": [],
                "protocol": "tcp",
                "security_groups": [
                  "sg-0a00dcba37cea4a92"
                ],
                "self": false,
                "to_port": 8080
              }
            ],
            "name": "menuqr-vpc-fargate-2026051622345955150000000e",
            "name_prefix": "menuqr-vpc-fargate-",
            "owner_id": "767397812108",
            "region": "us-east-1",
            "revoke_rules_on_delete": false,
            "tags": null,
            "tags_all": {},
            "timeouts": null,
            "vpc_id": "vpc-07c0dc45d6acf97fa"
          },
          "sensitive_attributes": [],
          "identity_schema_version": 0,
          "identity": {
            "account_id": "767397812108",
            "id": "sg-043d7e71d2cf11a93",
            "region": "us-east-1"
          },
          "private": "eyJlMmJmYjczMC1lY2FhLTExZTYtOGY4OC0zNDM2M2JjN2M0YzAiOnsiY3JlYXRlIjo2MDAwMDAwMDAwMDAsImRlbGV0ZSI6OTAwMDAwMDAwMDAwfSwic2NoZW1hX3ZlcnNpb24iOiIxIn0=",
          "dependencies": [
            "aws_security_group.alb",
            "module.vpc.aws_vpc.this"
          ],
          "create_before_destroy": true
        }
      ]
    },
    {
      "mode": "managed",
      "type": "aws_security_group",
      "name": "proxy",
      "provider": "provider[\"registry.terraform.io/hashicorp/aws\"]",
      "instances": [
        {
          "schema_version": 1,
          "attributes": {
            "arn": "arn:aws:ec2:us-east-1:767397812108:security-group/sg-04b43e7b2aec90f0a",
            "description": "Managed by Terraform",
            "egress": [],
            "id": "sg-04b43e7b2aec90f0a",
            "ingress": [],
            "name": "menuqr-rds-proxy-2026051622345413540000000a",
            "name_prefix": "menuqr-rds-proxy-",
            "owner_id": "767397812108",
            "region": "us-east-1",
            "revoke_rules_on_delete": false,
            "tags": null,
            "tags_all": {},
            "timeouts": null,
            "vpc_id": "vpc-07c0dc45d6acf97fa"
          },
          "sensitive_attributes": [],
          "identity_schema_version": 0,
          "identity": {
            "account_id": "767397812108",
            "id": "sg-04b43e7b2aec90f0a",
            "region": "us-east-1"
          },
          "private": "eyJlMmJmYjczMC1lY2FhLTExZTYtOGY4OC0zNDM2M2JjN2M0YzAiOnsiY3JlYXRlIjo2MDAwMDAwMDAwMDAsImRlbGV0ZSI6OTAwMDAwMDAwMDAwfSwic2NoZW1hX3ZlcnNpb24iOiIxIn0=",
          "dependencies": [
            "module.vpc.aws_vpc.this"
          ],
          "create_before_destroy": true
        }
      ]
    },
    {
      "mode": "managed",
      "type": "aws_security_group",
      "name": "vpc_interface_endpoints",
      "provider": "provider[\"registry.terraform.io/hashicorp/aws\"]",
      "instances": [
        {
          "schema_version": 1,
          "attributes": {
            "arn": "arn:aws:ec2:us-east-1:767397812108:security-group/sg-0e24a24af3cce8e16",
            "description": "Interface VPC endpoints (Secrets Manager, SQS, ECR)",
            "egress": [
              {
                "cidr_blocks": [
                  "0.0.0.0/0"
                ],
                "description": "",
                "from_port": 0,
                "ipv6_cidr_blocks": [],
                "prefix_list_ids": [],
                "protocol": "-1",
                "security_groups": [],
                "self": false,
                "to_port": 0
              }
            ],
            "id": "sg-0e24a24af3cce8e16",
            "ingress": [],
            "name": "menuqr-vpc-vpce-20260516223451204600000007",
            "name_prefix": "menuqr-vpc-vpce-",
            "owner_id": "767397812108",
            "region": "us-east-1",
            "revoke_rules_on_delete": false,
            "tags": null,
            "tags_all": {},
            "timeouts": null,
            "vpc_id": "vpc-07c0dc45d6acf97fa"
          },
          "sensitive_attributes": [],
          "identity_schema_version": 0,
          "identity": {
            "account_id": "767397812108",
            "id": "sg-0e24a24af3cce8e16",
            "region": "us-east-1"
          },
          "private": "eyJlMmJmYjczMC1lY2FhLTExZTYtOGY4OC0zNDM2M2JjN2M0YzAiOnsiY3JlYXRlIjo2MDAwMDAwMDAwMDAsImRlbGV0ZSI6OTAwMDAwMDAwMDAwfSwic2NoZW1hX3ZlcnNpb24iOiIxIn0=",
          "dependencies": [
            "module.vpc.aws_vpc.this"
          ],
          "create_before_destroy": true
        }
      ]
    },
    {
      "mode": "managed",
      "type": "aws_sqs_queue",
      "name": "ml-training",
      "provider": "provider[\"registry.terraform.io/hashicorp/aws\"]",
      "instances": [
        {
          "schema_version": 0,
          "attributes": {
            "arn": "arn:aws:sqs:us-east-1:767397812108:ml-training-queue",
            "content_based_deduplication": false,
            "deduplication_scope": "",
            "delay_seconds": 0,
            "fifo_queue": false,
            "fifo_throughput_limit": "",
            "id": "https://sqs.us-east-1.amazonaws.com/767397812108/ml-training-queue",
            "kms_data_key_reuse_period_seconds": 300,
            "kms_master_key_id": "",
            "max_message_size": 262144,
            "message_retention_seconds": 86400,
            "name": "ml-training-queue",
            "name_prefix": "",
            "policy": "",
            "receive_wait_time_seconds": 0,
            "redrive_allow_policy": "",
            "redrive_policy": "",
            "region": "us-east-1",
            "sqs_managed_sse_enabled": true,
            "tags": null,
            "tags_all": {},
            "timeouts": null,
            "url": "https://sqs.us-east-1.amazonaws.com/767397812108/ml-training-queue",
            "visibility_timeout_seconds": 360
          },
          "sensitive_attributes": [],
          "identity_schema_version": 1,
          "identity": {
            "url": "https://sqs.us-east-1.amazonaws.com/767397812108/ml-training-queue"
          },
          "private": "eyJlMmJmYjczMC1lY2FhLTExZTYtOGY4OC0zNDM2M2JjN2M0YzAiOnsiY3JlYXRlIjoxODAwMDAwMDAwMDAsImRlbGV0ZSI6MTgwMDAwMDAwMDAwLCJ1cGRhdGUiOjE4MDAwMDAwMDAwMH19"
        }
      ]
    },
    {
      "mode": "managed",
      "type": "aws_vpc_endpoint",
      "name": "ecr_api",
      "provider": "provider[\"registry.terraform.io/hashicorp/aws\"]",
      "instances": [
        {
          "schema_version": 0,
          "attributes": {
            "arn": "arn:aws:ec2:us-east-1:767397812108:vpc-endpoint/vpce-0e10b73cb78da2c3d",
            "auto_accept": null,
            "cidr_blocks": [],
            "dns_entry": [
              {
                "dns_name": "vpce-0e10b73cb78da2c3d-cn58rco0.api.ecr.us-east-1.vpce.amazonaws.com",
                "hosted_zone_id": "Z7HUB22UULQXV"
              },
              {
                "dns_name": "vpce-0e10b73cb78da2c3d-cn58rco0-us-east-1a.api.ecr.us-east-1.vpce.amazonaws.com",
                "hosted_zone_id": "Z7HUB22UULQXV"
              },
              {
                "dns_name": "vpce-0e10b73cb78da2c3d-cn58rco0-us-east-1b.api.ecr.us-east-1.vpce.amazonaws.com",
                "hosted_zone_id": "Z7HUB22UULQXV"
              },
              {
                "dns_name": "api.ecr.us-east-1.amazonaws.com",
                "hosted_zone_id": "Z06260813KMDW4R2U7YI0"
              },
              {
                "dns_name": "ecr.us-east-1.api.aws",
                "hosted_zone_id": "Z06260802VS0JDSVUFZYU"
              }
            ],
            "dns_options": [
              {
                "dns_record_ip_type": "ipv4",
                "private_dns_only_for_inbound_resolver_endpoint": false,
                "private_dns_preference": "",
                "private_dns_specified_domains": []
              }
            ],
            "id": "vpce-0e10b73cb78da2c3d",
            "ip_address_type": "ipv4",
            "network_interface_ids": [
              "eni-02a6b1b6d48d501df",
              "eni-039d7350262c78509"
            ],
            "owner_id": "767397812108",
            "policy": "{\"Statement\":[{\"Action\":\"*\",\"Effect\":\"Allow\",\"Principal\":\"*\",\"Resource\":\"*\"}]}",
            "prefix_list_id": null,
            "private_dns_enabled": true,
            "region": "us-east-1",
            "requester_managed": false,
            "resource_configuration_arn": "",
            "route_table_ids": [],
            "security_group_ids": [
              "sg-0e24a24af3cce8e16"
            ],
            "service_name": "com.amazonaws.us-east-1.ecr.api",
            "service_network_arn": "",
            "service_region": "us-east-1",
            "state": "available",
            "subnet_configuration": [
              {
                "ipv4": "172.30.2.118",
                "ipv6": "",
                "subnet_id": "subnet-0455bf499f2264bd0"
              },
              {
                "ipv4": "172.30.3.48",
                "ipv6": "",
                "subnet_id": "subnet-03e2100c19e8cd6ba"
              }
            ],
            "subnet_ids": [
              "subnet-03e2100c19e8cd6ba",
              "subnet-0455bf499f2264bd0"
            ],
            "tags": {
              "Name": "menuqr-vpc-ecr-api"
            },
            "tags_all": {
              "Name": "menuqr-vpc-ecr-api"
            },
            "timeouts": null,
            "vpc_endpoint_type": "Interface",
            "vpc_id": "vpc-07c0dc45d6acf97fa"
          },
          "sensitive_attributes": [],
          "identity_schema_version": 0,
          "identity": {
            "account_id": "767397812108",
            "id": "vpce-0e10b73cb78da2c3d",
            "region": "us-east-1"
          },
          "private": "eyJlMmJmYjczMC1lY2FhLTExZTYtOGY4OC0zNDM2M2JjN2M0YzAiOnsiY3JlYXRlIjo2MDAwMDAwMDAwMDAsImRlbGV0ZSI6NjAwMDAwMDAwMDAwLCJ1cGRhdGUiOjYwMDAwMDAwMDAwMH19",
          "dependencies": [
            "aws_security_group.vpc_interface_endpoints",
            "data.aws_availability_zones.available",
            "data.aws_region.current",
            "module.vpc.aws_subnet.private",
            "module.vpc.aws_vpc.this",
            "module.vpc.aws_vpc_ipv4_cidr_block_association.this"
          ]
        }
      ]
    },
    {
      "mode": "managed",
      "type": "aws_vpc_endpoint",
      "name": "ecr_dkr",
      "provider": "provider[\"registry.terraform.io/hashicorp/aws\"]",
      "instances": [
        {
          "schema_version": 0,
          "attributes": {
            "arn": "arn:aws:ec2:us-east-1:767397812108:vpc-endpoint/vpce-0811d7f6abfe53e19",
            "auto_accept": null,
            "cidr_blocks": [],
            "dns_entry": [
              {
                "dns_name": "vpce-0811d7f6abfe53e19-1xkao86o.dkr.ecr.us-east-1.vpce.amazonaws.com",
                "hosted_zone_id": "Z7HUB22UULQXV"
              },
              {
                "dns_name": "vpce-0811d7f6abfe53e19-1xkao86o-us-east-1b.dkr.ecr.us-east-1.vpce.amazonaws.com",
                "hosted_zone_id": "Z7HUB22UULQXV"
              },
              {
                "dns_name": "vpce-0811d7f6abfe53e19-1xkao86o-us-east-1a.dkr.ecr.us-east-1.vpce.amazonaws.com",
                "hosted_zone_id": "Z7HUB22UULQXV"
              },
              {
                "dns_name": "dkr.ecr.us-east-1.amazonaws.com",
                "hosted_zone_id": "Z02004532LO166LPHMEU7"
              },
              {
                "dns_name": "*.dkr.ecr.us-east-1.amazonaws.com",
                "hosted_zone_id": "Z02004532LO166LPHMEU7"
              },
              {
                "dns_name": "dkr-ecr.us-east-1.on.aws",
                "hosted_zone_id": "Z01996042JL03LZ6MLLOH"
              },
              {
                "dns_name": "*.dkr-ecr.us-east-1.on.aws",
                "hosted_zone_id": "Z01996042JL03LZ6MLLOH"
              }
            ],
            "dns_options": [
              {
                "dns_record_ip_type": "ipv4",
                "private_dns_only_for_inbound_resolver_endpoint": false,
                "private_dns_preference": "",
                "private_dns_specified_domains": []
              }
            ],
            "id": "vpce-0811d7f6abfe53e19",
            "ip_address_type": "ipv4",
            "network_interface_ids": [
              "eni-08516df31970ab335",
              "eni-0d8b828e2c7ab4e15"
            ],
            "owner_id": "767397812108",
            "policy": "{\"Statement\":[{\"Action\":\"*\",\"Effect\":\"Allow\",\"Principal\":\"*\",\"Resource\":\"*\"}]}",
            "prefix_list_id": null,
            "private_dns_enabled": true,
            "region": "us-east-1",
            "requester_managed": false,
            "resource_configuration_arn": "",
            "route_table_ids": [],
            "security_group_ids": [
              "sg-0e24a24af3cce8e16"
            ],
            "service_name": "com.amazonaws.us-east-1.ecr.dkr",
            "service_network_arn": "",
            "service_region": "us-east-1",
            "state": "available",
            "subnet_configuration": [
              {
                "ipv4": "172.30.2.127",
                "ipv6": "",
                "subnet_id": "subnet-0455bf499f2264bd0"
              },
              {
                "ipv4": "172.30.3.29",
                "ipv6": "",
                "subnet_id": "subnet-03e2100c19e8cd6ba"
              }
            ],
            "subnet_ids": [
              "subnet-03e2100c19e8cd6ba",
              "subnet-0455bf499f2264bd0"
            ],
            "tags": {
              "Name": "menuqr-vpc-ecr-dkr"
            },
            "tags_all": {
              "Name": "menuqr-vpc-ecr-dkr"
            },
            "timeouts": null,
            "vpc_endpoint_type": "Interface",
            "vpc_id": "vpc-07c0dc45d6acf97fa"
          },
          "sensitive_attributes": [],
          "identity_schema_version": 0,
          "identity": {
            "account_id": "767397812108",
            "id": "vpce-0811d7f6abfe53e19",
            "region": "us-east-1"
          },
          "private": "eyJlMmJmYjczMC1lY2FhLTExZTYtOGY4OC0zNDM2M2JjN2M0YzAiOnsiY3JlYXRlIjo2MDAwMDAwMDAwMDAsImRlbGV0ZSI6NjAwMDAwMDAwMDAwLCJ1cGRhdGUiOjYwMDAwMDAwMDAwMH19",
          "dependencies": [
            "aws_security_group.vpc_interface_endpoints",
            "data.aws_availability_zones.available",
            "data.aws_region.current",
            "module.vpc.aws_subnet.private",
            "module.vpc.aws_vpc.this",
            "module.vpc.aws_vpc_ipv4_cidr_block_association.this"
          ]
        }
      ]
    },
    {
      "mode": "managed",
      "type": "aws_vpc_endpoint",
      "name": "gateway_endpoints",
      "provider": "provider[\"registry.terraform.io/hashicorp/aws\"]",
      "instances": [
        {
          "index_key": "com.amazonaws.us-east-1.dynamodb",
          "schema_version": 0,
          "attributes": {
            "arn": "arn:aws:ec2:us-east-1:767397812108:vpc-endpoint/vpce-0731da0f96098e8f7",
            "auto_accept": null,
            "cidr_blocks": [
              "35.71.70.0/24",
              "3.218.182.0/24",
              "3.218.180.0/23",
              "35.71.68.0/23",
              "52.94.0.0/22",
              "52.119.224.0/20"
            ],
            "dns_entry": [],
            "dns_options": [
              {
                "dns_record_ip_type": "service-defined",
                "private_dns_only_for_inbound_resolver_endpoint": false,
                "private_dns_preference": "",
                "private_dns_specified_domains": []
              }
            ],
            "id": "vpce-0731da0f96098e8f7",
            "ip_address_type": "ipv4",
            "network_interface_ids": [],
            "owner_id": "767397812108",
            "policy": "{\"Statement\":[{\"Action\":\"*\",\"Effect\":\"Allow\",\"Principal\":\"*\",\"Resource\":\"*\"}],\"Version\":\"2008-10-17\"}",
            "prefix_list_id": "pl-02cd2c6b",
            "private_dns_enabled": false,
            "region": "us-east-1",
            "requester_managed": false,
            "resource_configuration_arn": "",
            "route_table_ids": [
              "rtb-039d2b28f6c744263",
              "rtb-0a50769261f86a782"
            ],
            "security_group_ids": [],
            "service_name": "com.amazonaws.us-east-1.dynamodb",
            "service_network_arn": "",
            "service_region": "us-east-1",
            "state": "available",
            "subnet_configuration": [],
            "subnet_ids": [],
            "tags": null,
            "tags_all": {},
            "timeouts": null,
            "vpc_endpoint_type": "Gateway",
            "vpc_id": "vpc-07c0dc45d6acf97fa"
          },
          "sensitive_attributes": [],
          "identity_schema_version": 0,
          "identity": {
            "account_id": "767397812108",
            "id": "vpce-0731da0f96098e8f7",
            "region": "us-east-1"
          },
          "private": "eyJlMmJmYjczMC1lY2FhLTExZTYtOGY4OC0zNDM2M2JjN2M0YzAiOnsiY3JlYXRlIjo2MDAwMDAwMDAwMDAsImRlbGV0ZSI6NjAwMDAwMDAwMDAwLCJ1cGRhdGUiOjYwMDAwMDAwMDAwMH19",
          "dependencies": [
            "data.aws_availability_zones.available",
            "data.aws_region.current",
            "module.vpc.aws_route_table.private",
            "module.vpc.aws_vpc.this",
            "module.vpc.aws_vpc_ipv4_cidr_block_association.this"
          ]
        },
        {
          "index_key": "com.amazonaws.us-east-1.s3",
          "schema_version": 0,
          "attributes": {
            "arn": "arn:aws:ec2:us-east-1:767397812108:vpc-endpoint/vpce-0d5c2d8dc52e5365c",
            "auto_accept": null,
            "cidr_blocks": [
              "16.15.176.0/20",
              "16.182.0.0/16",
              "18.34.0.0/19",
              "52.216.0.0/15",
              "54.231.0.0/16",
              "3.5.0.0/19",
              "18.34.232.0/21",
              "16.15.192.0/18"
            ],
            "dns_entry": [],
            "dns_options": [
              {
                "dns_record_ip_type": "service-defined",
                "private_dns_only_for_inbound_resolver_endpoint": false,
                "private_dns_preference": "",
                "private_dns_specified_domains": []
              }
            ],
            "id": "vpce-0d5c2d8dc52e5365c",
            "ip_address_type": "ipv4",
            "network_interface_ids": [],
            "owner_id": "767397812108",
            "policy": "{\"Statement\":[{\"Action\":\"*\",\"Effect\":\"Allow\",\"Principal\":\"*\",\"Resource\":\"*\"}],\"Version\":\"2008-10-17\"}",
            "prefix_list_id": "pl-63a5400a",
            "private_dns_enabled": false,
            "region": "us-east-1",
            "requester_managed": false,
            "resource_configuration_arn": "",
            "route_table_ids": [
              "rtb-039d2b28f6c744263",
              "rtb-0a50769261f86a782"
            ],
            "security_group_ids": [],
            "service_name": "com.amazonaws.us-east-1.s3",
            "service_network_arn": "",
            "service_region": "us-east-1",
            "state": "available",
            "subnet_configuration": [],
            "subnet_ids": [],
            "tags": null,
            "tags_all": {},
            "timeouts": null,
            "vpc_endpoint_type": "Gateway",
            "vpc_id": "vpc-07c0dc45d6acf97fa"
          },
          "sensitive_attributes": [],
          "identity_schema_version": 0,
          "identity": {
            "account_id": "767397812108",
            "id": "vpce-0d5c2d8dc52e5365c",
            "region": "us-east-1"
          },
          "private": "eyJlMmJmYjczMC1lY2FhLTExZTYtOGY4OC0zNDM2M2JjN2M0YzAiOnsiY3JlYXRlIjo2MDAwMDAwMDAwMDAsImRlbGV0ZSI6NjAwMDAwMDAwMDAwLCJ1cGRhdGUiOjYwMDAwMDAwMDAwMH19",
          "dependencies": [
            "data.aws_availability_zones.available",
            "data.aws_region.current",
            "module.vpc.aws_route_table.private",
            "module.vpc.aws_vpc.this",
            "module.vpc.aws_vpc_ipv4_cidr_block_association.this"
          ]
        }
      ]
    },
    {
      "mode": "managed",
      "type": "aws_vpc_endpoint",
      "name": "secretsmanager",
      "provider": "provider[\"registry.terraform.io/hashicorp/aws\"]",
      "instances": [
        {
          "schema_version": 0,
          "attributes": {
            "arn": "arn:aws:ec2:us-east-1:767397812108:vpc-endpoint/vpce-098799005e6e1cdb0",
            "auto_accept": null,
            "cidr_blocks": [],
            "dns_entry": [
              {
                "dns_name": "vpce-098799005e6e1cdb0-c7attbqo.secretsmanager.us-east-1.vpce.amazonaws.com",
                "hosted_zone_id": "Z7HUB22UULQXV"
              },
              {
                "dns_name": "vpce-098799005e6e1cdb0-c7attbqo-us-east-1b.secretsmanager.us-east-1.vpce.amazonaws.com",
                "hosted_zone_id": "Z7HUB22UULQXV"
              },
              {
                "dns_name": "vpce-098799005e6e1cdb0-c7attbqo-us-east-1a.secretsmanager.us-east-1.vpce.amazonaws.com",
                "hosted_zone_id": "Z7HUB22UULQXV"
              },
              {
                "dns_name": "secretsmanager.us-east-1.amazonaws.com",
                "hosted_zone_id": "Z02102071BNDNTB9GJT"
              }
            ],
            "dns_options": [
              {
                "dns_record_ip_type": "ipv4",
                "private_dns_only_for_inbound_resolver_endpoint": false,
                "private_dns_preference": "",
                "private_dns_specified_domains": []
              }
            ],
            "id": "vpce-098799005e6e1cdb0",
            "ip_address_type": "ipv4",
            "network_interface_ids": [
              "eni-011e8c9c53db62258",
              "eni-0d0ef08f126aa49a6"
            ],
            "owner_id": "767397812108",
            "policy": "{\"Statement\":[{\"Action\":\"*\",\"Effect\":\"Allow\",\"Principal\":\"*\",\"Resource\":\"*\"}]}",
            "prefix_list_id": null,
            "private_dns_enabled": true,
            "region": "us-east-1",
            "requester_managed": false,
            "resource_configuration_arn": "",
            "route_table_ids": [],
            "security_group_ids": [
              "sg-0e24a24af3cce8e16"
            ],
            "service_name": "com.amazonaws.us-east-1.secretsmanager",
            "service_network_arn": "",
            "service_region": "us-east-1",
            "state": "available",
            "subnet_configuration": [
              {
                "ipv4": "172.30.2.95",
                "ipv6": "",
                "subnet_id": "subnet-0455bf499f2264bd0"
              },
              {
                "ipv4": "172.30.3.134",
                "ipv6": "",
                "subnet_id": "subnet-03e2100c19e8cd6ba"
              }
            ],
            "subnet_ids": [
              "subnet-03e2100c19e8cd6ba",
              "subnet-0455bf499f2264bd0"
            ],
            "tags": {
              "Name": "menuqr-vpc-secretsmanager"
            },
            "tags_all": {
              "Name": "menuqr-vpc-secretsmanager"
            },
            "timeouts": null,
            "vpc_endpoint_type": "Interface",
            "vpc_id": "vpc-07c0dc45d6acf97fa"
          },
          "sensitive_attributes": [],
          "identity_schema_version": 0,
          "identity": {
            "account_id": "767397812108",
            "id": "vpce-098799005e6e1cdb0",
            "region": "us-east-1"
          },
          "private": "eyJlMmJmYjczMC1lY2FhLTExZTYtOGY4OC0zNDM2M2JjN2M0YzAiOnsiY3JlYXRlIjo2MDAwMDAwMDAwMDAsImRlbGV0ZSI6NjAwMDAwMDAwMDAwLCJ1cGRhdGUiOjYwMDAwMDAwMDAwMH19",
          "dependencies": [
            "aws_security_group.vpc_interface_endpoints",
            "data.aws_availability_zones.available",
            "data.aws_region.current",
            "module.vpc.aws_subnet.private",
            "module.vpc.aws_vpc.this",
            "module.vpc.aws_vpc_ipv4_cidr_block_association.this"
          ]
        }
      ]
    },
    {
      "mode": "managed",
      "type": "aws_vpc_endpoint",
      "name": "sqs",
      "provider": "provider[\"registry.terraform.io/hashicorp/aws\"]",
      "instances": [
        {
          "schema_version": 0,
          "attributes": {
            "arn": "arn:aws:ec2:us-east-1:767397812108:vpc-endpoint/vpce-0e797fe8c25301105",
            "auto_accept": null,
            "cidr_blocks": [],
            "dns_entry": [
              {
                "dns_name": "vpce-0e797fe8c25301105-8ga4vr44.sqs.us-east-1.vpce.amazonaws.com",
                "hosted_zone_id": "Z7HUB22UULQXV"
              },
              {
                "dns_name": "vpce-0e797fe8c25301105-8ga4vr44-us-east-1a.sqs.us-east-1.vpce.amazonaws.com",
                "hosted_zone_id": "Z7HUB22UULQXV"
              },
              {
                "dns_name": "vpce-0e797fe8c25301105-8ga4vr44-us-east-1b.sqs.us-east-1.vpce.amazonaws.com",
                "hosted_zone_id": "Z7HUB22UULQXV"
              },
              {
                "dns_name": "sqs.us-east-1.amazonaws.com",
                "hosted_zone_id": "Z0625587396GITI09D0TK"
              },
              {
                "dns_name": "sqs.us-east-1.api.aws",
                "hosted_zone_id": "Z0625586333L6SMINCHK2"
              }
            ],
            "dns_options": [
              {
                "dns_record_ip_type": "ipv4",
                "private_dns_only_for_inbound_resolver_endpoint": false,
                "private_dns_preference": "",
                "private_dns_specified_domains": []
              }
            ],
            "id": "vpce-0e797fe8c25301105",
            "ip_address_type": "ipv4",
            "network_interface_ids": [
              "eni-068b109572f325040",
              "eni-0907fc441a2b53c32"
            ],
            "owner_id": "767397812108",
            "policy": "{\"Statement\":[{\"Action\":\"*\",\"Effect\":\"Allow\",\"Principal\":\"*\",\"Resource\":\"*\"}]}",
            "prefix_list_id": null,
            "private_dns_enabled": true,
            "region": "us-east-1",
            "requester_managed": false,
            "resource_configuration_arn": "",
            "route_table_ids": [],
            "security_group_ids": [
              "sg-0e24a24af3cce8e16"
            ],
            "service_name": "com.amazonaws.us-east-1.sqs",
            "service_network_arn": "",
            "service_region": "us-east-1",
            "state": "available",
            "subnet_configuration": [
              {
                "ipv4": "172.30.2.50",
                "ipv6": "",
                "subnet_id": "subnet-0455bf499f2264bd0"
              },
              {
                "ipv4": "172.30.3.131",
                "ipv6": "",
                "subnet_id": "subnet-03e2100c19e8cd6ba"
              }
            ],
            "subnet_ids": [
              "subnet-03e2100c19e8cd6ba",
              "subnet-0455bf499f2264bd0"
            ],
            "tags": {
              "Name": "menuqr-vpc-sqs"
            },
            "tags_all": {
              "Name": "menuqr-vpc-sqs"
            },
            "timeouts": null,
            "vpc_endpoint_type": "Interface",
            "vpc_id": "vpc-07c0dc45d6acf97fa"
          },
          "sensitive_attributes": [],
          "identity_schema_version": 0,
          "identity": {
            "account_id": "767397812108",
            "id": "vpce-0e797fe8c25301105",
            "region": "us-east-1"
          },
          "private": "eyJlMmJmYjczMC1lY2FhLTExZTYtOGY4OC0zNDM2M2JjN2M0YzAiOnsiY3JlYXRlIjo2MDAwMDAwMDAwMDAsImRlbGV0ZSI6NjAwMDAwMDAwMDAwLCJ1cGRhdGUiOjYwMDAwMDAwMDAwMH19",
          "dependencies": [
            "aws_security_group.vpc_interface_endpoints",
            "data.aws_availability_zones.available",
            "data.aws_region.current",
            "module.vpc.aws_subnet.private",
            "module.vpc.aws_vpc.this",
            "module.vpc.aws_vpc_ipv4_cidr_block_association.this"
          ]
        }
      ]
    },
    {
      "mode": "managed",
      "type": "aws_vpc_security_group_egress_rule",
      "name": "proxy_to_db",
      "provider": "provider[\"registry.terraform.io/hashicorp/aws\"]",
      "instances": [
        {
          "schema_version": 0,
          "attributes": {
            "arn": "arn:aws:ec2:us-east-1:767397812108:security-group-rule/sgr-0c68efd2bd1208e9d",
            "cidr_ipv4": null,
            "cidr_ipv6": null,
            "description": null,
            "from_port": 5432,
            "id": "sgr-0c68efd2bd1208e9d",
            "ip_protocol": "tcp",
            "prefix_list_id": null,
            "referenced_security_group_id": "sg-09b019e495d57f0c8",
            "region": "us-east-1",
            "security_group_id": "sg-04b43e7b2aec90f0a",
            "security_group_rule_id": "sgr-0c68efd2bd1208e9d",
            "tags": null,
            "tags_all": {},
            "to_port": 5432
          },
          "sensitive_attributes": [],
          "identity_schema_version": 0,
          "identity": {
            "account_id": "767397812108",
            "id": "sgr-0c68efd2bd1208e9d",
            "region": "us-east-1"
          },
          "dependencies": [
            "aws_security_group.db",
            "aws_security_group.proxy",
            "module.vpc.aws_vpc.this"
          ]
        }
      ]
    },
    {
      "mode": "managed",
      "type": "aws_vpc_security_group_ingress_rule",
      "name": "db_from_proxy",
      "provider": "provider[\"registry.terraform.io/hashicorp/aws\"]",
      "instances": [
        {
          "schema_version": 0,
          "attributes": {
            "arn": "arn:aws:ec2:us-east-1:767397812108:security-group-rule/sgr-0c2b37e5dd40a2536",
            "cidr_ipv4": null,
            "cidr_ipv6": null,
            "description": null,
            "from_port": 5432,
            "id": "sgr-0c2b37e5dd40a2536",
            "ip_protocol": "tcp",
            "prefix_list_id": null,
            "referenced_security_group_id": "sg-04b43e7b2aec90f0a",
            "region": "us-east-1",
            "security_group_id": "sg-09b019e495d57f0c8",
            "security_group_rule_id": "sgr-0c2b37e5dd40a2536",
            "tags": null,
            "tags_all": {},
            "to_port": 5432
          },
          "sensitive_attributes": [],
          "identity_schema_version": 0,
          "identity": {
            "account_id": "767397812108",
            "id": "sgr-0c2b37e5dd40a2536",
            "region": "us-east-1"
          },
          "dependencies": [
            "aws_security_group.db",
            "aws_security_group.proxy",
            "module.vpc.aws_vpc.this"
          ]
        }
      ]
    },
    {
      "mode": "managed",
      "type": "aws_vpc_security_group_ingress_rule",
      "name": "proxy_from_clients",
      "provider": "provider[\"registry.terraform.io/hashicorp/aws\"]",
      "instances": [
        {
          "schema_version": 0,
          "attributes": {
            "arn": "arn:aws:ec2:us-east-1:767397812108:security-group-rule/sgr-0958a98fd057bb99b",
            "cidr_ipv4": null,
            "cidr_ipv6": null,
            "description": null,
            "from_port": 5432,
            "id": "sgr-0958a98fd057bb99b",
            "ip_protocol": "tcp",
            "prefix_list_id": null,
            "referenced_security_group_id": "sg-063d37468a5b80755",
            "region": "us-east-1",
            "security_group_id": "sg-04b43e7b2aec90f0a",
            "security_group_rule_id": "sgr-0958a98fd057bb99b",
            "tags": null,
            "tags_all": {},
            "to_port": 5432
          },
          "sensitive_attributes": [],
          "identity_schema_version": 0,
          "identity": {
            "account_id": "767397812108",
            "id": "sgr-0958a98fd057bb99b",
            "region": "us-east-1"
          },
          "dependencies": [
            "aws_security_group.db_client",
            "aws_security_group.proxy",
            "module.vpc.aws_vpc.this"
          ]
        }
      ]
    },
    {
      "mode": "managed",
      "type": "aws_vpc_security_group_ingress_rule",
      "name": "vpce_from_db_client",
      "provider": "provider[\"registry.terraform.io/hashicorp/aws\"]",
      "instances": [
        {
          "schema_version": 0,
          "attributes": {
            "arn": "arn:aws:ec2:us-east-1:767397812108:security-group-rule/sgr-0418aee850898dfa5",
            "cidr_ipv4": null,
            "cidr_ipv6": null,
            "description": "HTTPS desde Lambda orquestador (db_client)",
            "from_port": 443,
            "id": "sgr-0418aee850898dfa5",
            "ip_protocol": "tcp",
            "prefix_list_id": null,
            "referenced_security_group_id": "sg-063d37468a5b80755",
            "region": "us-east-1",
            "security_group_id": "sg-0e24a24af3cce8e16",
            "security_group_rule_id": "sgr-0418aee850898dfa5",
            "tags": null,
            "tags_all": {},
            "to_port": 443
          },
          "sensitive_attributes": [],
          "identity_schema_version": 0,
          "identity": {
            "account_id": "767397812108",
            "id": "sgr-0418aee850898dfa5",
            "region": "us-east-1"
          },
          "dependencies": [
            "aws_security_group.db_client",
            "aws_security_group.vpc_interface_endpoints",
            "module.vpc.aws_vpc.this"
          ]
        }
      ]
    },
    {
      "mode": "managed",
      "type": "aws_vpc_security_group_ingress_rule",
      "name": "vpce_from_fargate",
      "provider": "provider[\"registry.terraform.io/hashicorp/aws\"]",
      "instances": [
        {
          "schema_version": 0,
          "attributes": {
            "arn": "arn:aws:ec2:us-east-1:767397812108:security-group-rule/sgr-0cf8473fc376d1636",
            "cidr_ipv4": null,
            "cidr_ipv6": null,
            "description": "HTTPS desde ECS Fargate",
            "from_port": 443,
            "id": "sgr-0cf8473fc376d1636",
            "ip_protocol": "tcp",
            "prefix_list_id": null,
            "referenced_security_group_id": "sg-043d7e71d2cf11a93",
            "region": "us-east-1",
            "security_group_id": "sg-0e24a24af3cce8e16",
            "security_group_rule_id": "sgr-0cf8473fc376d1636",
            "tags": null,
            "tags_all": {},
            "to_port": 443
          },
          "sensitive_attributes": [],
          "identity_schema_version": 0,
          "identity": {
            "account_id": "767397812108",
            "id": "sgr-0cf8473fc376d1636",
            "region": "us-east-1"
          },
          "dependencies": [
            "aws_security_group.alb",
            "aws_security_group.fargate",
            "aws_security_group.vpc_interface_endpoints",
            "module.vpc.aws_vpc.this"
          ]
        }
      ]
    },
    {
      "module": "module.ml_orchestrator_lambda",
      "mode": "data",
      "type": "archive_file",
      "name": "lambda_zip",
      "provider": "provider[\"registry.terraform.io/hashicorp/archive\"]",
      "instances": [
        {
          "schema_version": 0,
          "attributes": {
            "exclude_symlink_directories": null,
            "excludes": null,
            "id": "8893bd2e88821f86250e0081231a42cbfa0d432d",
            "output_base64sha256": "MgBmI2XyPcO5JZYQif1ujKQGUDImhHbwsuLkN7Cwz5w=",
            "output_base64sha512": "8BkVRejLB6LPoL28uKuYWRsqeew6EXHyEfxwdpPLfOsR0Rg8sc/gjBW3PgYFyPjwQApLZjpF1rbbWCCQL7DnXA==",
            "output_file_mode": null,
            "output_md5": "09027159aa9c7ad3cbb9591a3420f219",
            "output_path": "/home/cnt/Desktop/Cloud/MenuQR/terraform/lambda_menuqr-ml-orchestrator.zip",
            "output_sha": "8893bd2e88821f86250e0081231a42cbfa0d432d",
            "output_sha256": "3200662365f23dc3b925961089fd6e8ca4065032268476f0b2e2e437b0b0cf9c",
            "output_sha512": "f0191545e8cb07a2cfa0bdbcb8ab98591b2a79ec3a1171f211fc707693cb7ceb11d1183cb1cfe08c15b73e0605c8f8f0400a4b663a45d6b6db5820902fb0e75c",
            "output_size": 4513712,
            "source": [],
            "source_content": null,
            "source_content_filename": null,
            "source_dir": "./../ml-training/lambda_dist/orchestrator",
            "source_file": null,
            "type": "zip"
          },
          "sensitive_attributes": [],
          "identity_schema_version": 0
        }
      ]
    },
    {
      "module": "module.ml_orchestrator_lambda",
      "mode": "managed",
      "type": "aws_lambda_function",
      "name": "this",
      "provider": "provider[\"registry.terraform.io/hashicorp/aws\"]",
      "instances": [
        {
          "schema_version": 0,
          "attributes": {
            "architectures": [
              "x86_64"
            ],
            "arn": "arn:aws:lambda:us-east-1:767397812108:function:menuqr-ml-orchestrator",
            "capacity_provider_config": [],
            "code_sha256": "MgBmI2XyPcO5JZYQif1ujKQGUDImhHbwsuLkN7Cwz5w=",
            "code_signing_config_arn": "",
            "dead_letter_config": [],
            "description": "",
            "durable_config": [],
            "environment": [
              {
                "variables": {
                  "DB_SECRET_ARN": "arn:aws:secretsmanager:us-east-1:767397812108:secret:rds!db-c2357d1b-7efd-44f3-b253-dc97da104af5-lVyHW2",
                  "DB_URL": "jdbc:postgresql://menuqr-rds-proxy.proxy-c9auakcmctma.us-east-1.rds.amazonaws.com:5432/menudigital",
                  "TRAINING_JOB_QUEUE_URL": "https://sqs.us-east-1.amazonaws.com/767397812108/ml-training-queue"
                }
              }
            ],
            "ephemeral_storage": [
              {
                "size": 512
              }
            ],
            "file_system_config": [],
            "filename": "/home/cnt/Desktop/Cloud/MenuQR/terraform/lambda_menuqr-ml-orchestrator.zip",
            "function_name": "menuqr-ml-orchestrator",
            "handler": "orchestrator_lambda.handler",
            "id": "menuqr-ml-orchestrator",
            "image_config": [],
            "image_uri": "",
            "invoke_arn": "arn:aws:apigateway:us-east-1:lambda:path/2015-03-31/functions/arn:aws:lambda:us-east-1:767397812108:function:menuqr-ml-orchestrator/invocations",
            "kms_key_arn": "",
            "last_modified": "2026-05-16T22:52:51.088+0000",
            "layers": null,
            "logging_config": [
              {
                "application_log_level": "",
                "log_format": "Text",
                "log_group": "/aws/lambda/menuqr-ml-orchestrator",
                "system_log_level": ""
              }
            ],
            "memory_size": 128,
            "package_type": "Zip",
            "publish": false,
            "publish_to": null,
            "qualified_arn": "arn:aws:lambda:us-east-1:767397812108:function:menuqr-ml-orchestrator:$LATEST",
            "qualified_invoke_arn": "arn:aws:apigateway:us-east-1:lambda:path/2015-03-31/functions/arn:aws:lambda:us-east-1:767397812108:function:menuqr-ml-orchestrator:$LATEST/invocations",
            "region": "us-east-1",
            "replace_security_groups_on_destroy": null,
            "replacement_security_group_ids": null,
            "reserved_concurrent_executions": -1,
            "response_streaming_invoke_arn": "arn:aws:apigateway:us-east-1:lambda:path/2021-11-15/functions/arn:aws:lambda:us-east-1:767397812108:function:menuqr-ml-orchestrator/response-streaming-invocations",
            "role": "arn:aws:iam::767397812108:role/LabRole",
            "runtime": "python3.12",
            "s3_bucket": null,
            "s3_key": null,
            "s3_object_version": null,
            "signing_job_arn": "",
            "signing_profile_version_arn": "",
            "skip_destroy": false,
            "snap_start": [],
            "source_code_hash": "MgBmI2XyPcO5JZYQif1ujKQGUDImhHbwsuLkN7Cwz5w=",
            "source_code_size": 4513712,
            "source_kms_key_arn": "",
            "tags": null,
            "tags_all": {},
            "tenancy_config": [],
            "timeout": 60,
            "timeouts": null,
            "tracing_config": [
              {
                "mode": "PassThrough"
              }
            ],
            "version": "$LATEST",
            "vpc_config": [
              {
                "ipv6_allowed_for_dual_stack": false,
                "security_group_ids": [
                  "sg-063d37468a5b80755"
                ],
                "subnet_ids": [
                  "subnet-03e2100c19e8cd6ba",
                  "subnet-0455bf499f2264bd0"
                ],
                "vpc_id": "vpc-07c0dc45d6acf97fa"
              }
            ]
          },
          "sensitive_attributes": [],
          "identity_schema_version": 0,
          "identity": {
            "account_id": "767397812108",
            "function_name": "menuqr-ml-orchestrator",
            "region": "us-east-1"
          },
          "private": "eyJlMmJmYjczMC1lY2FhLTExZTYtOGY4OC0zNDM2M2JjN2M0YzAiOnsiY3JlYXRlIjo2MDAwMDAwMDAwMDAsImRlbGV0ZSI6NjAwMDAwMDAwMDAwLCJ1cGRhdGUiOjYwMDAwMDAwMDAwMH19",
          "dependencies": [
            "aws_db_instance.db",
            "aws_security_group.db",
            "aws_security_group.db_client",
            "aws_security_group.proxy",
            "aws_sqs_queue.ml-training",
            "data.aws_availability_zones.available",
            "data.aws_iam_role.lab_role",
            "module.ml_orchestrator_lambda.data.archive_file.lambda_zip",
            "module.rds_proxy.aws_cloudwatch_log_group.this",
            "module.rds_proxy.aws_db_proxy.this",
            "module.rds_proxy.aws_iam_role.this",
            "module.rds_proxy.data.aws_iam_policy_document.assume_role",
            "module.rds_proxy.data.aws_region.current",
            "module.rds_proxy.data.aws_service_principal.rds",
            "module.vpc.aws_db_subnet_group.database",
            "module.vpc.aws_subnet.database",
            "module.vpc.aws_subnet.private",
            "module.vpc.aws_vpc.this",
            "module.vpc.aws_vpc_ipv4_cidr_block_association.this"
          ]
        }
      ]
    },
    {
      "module": "module.ml_worker_lambda",
      "mode": "data",
      "type": "archive_file",
      "name": "lambda_zip",
      "provider": "provider[\"registry.terraform.io/hashicorp/archive\"]",
      "instances": [
        {
          "schema_version": 0,
          "attributes": {
            "exclude_symlink_directories": null,
            "excludes": null,
            "id": "6d6d819aacea839be2fd2daaa27e31d56d6f057b",
            "output_base64sha256": "1CpggVUokysdyVlysdWe0zR8FOpGHk2CwESZsVUSt2w=",
            "output_base64sha512": "vYAF8fej9oHYYJztG86eNC1S+7dN+bFuag5rRopEHAWVW9wC3FhEmjGIZaiSeNk7pm0dTKX4i9mOZw+CIQn/iQ==",
            "output_file_mode": null,
            "output_md5": "8aef5e2c6d8c66137bb01067f8f86abd",
            "output_path": "/home/cnt/Desktop/Cloud/MenuQR/terraform/lambda_menuqr-ml-worker.zip",
            "output_sha": "6d6d819aacea839be2fd2daaa27e31d56d6f057b",
            "output_sha256": "d42a60815528932b1dc95972b1d59ed3347c14ea461e4d82c04499b15512b76c",
            "output_sha512": "bd8005f1f7a3f681d8609ced1bce9e342d52fbb74df9b16e6a0e6b468a441c05955bdc02dc58449a318865a89278d93ba66d1d4ca5f88bd98e670f822109ff89",
            "output_size": 2327,
            "source": [],
            "source_content": null,
            "source_content_filename": null,
            "source_dir": "./../ml-training/lambda_dist/worker",
            "source_file": null,
            "type": "zip"
          },
          "sensitive_attributes": [],
          "identity_schema_version": 0
        }
      ]
    },
    {
      "module": "module.ml_worker_lambda",
      "mode": "managed",
      "type": "aws_lambda_function",
      "name": "this",
      "provider": "provider[\"registry.terraform.io/hashicorp/aws\"]",
      "instances": [
        {
          "schema_version": 0,
          "attributes": {
            "architectures": [
              "x86_64"
            ],
            "arn": "arn:aws:lambda:us-east-1:767397812108:function:menuqr-ml-worker",
            "capacity_provider_config": [],
            "code_sha256": "1CpggVUokysdyVlysdWe0zR8FOpGHk2CwESZsVUSt2w=",
            "code_signing_config_arn": "",
            "dead_letter_config": [],
            "description": "",
            "durable_config": [],
            "environment": [
              {
                "variables": {
                  "EVENTS_TABLE": "menuqr-events",
                  "RECOMMENDATIONS_MODEL_S3_BUCKET": "menuqr-ml20260516223446662100000001"
                }
              }
            ],
            "ephemeral_storage": [
              {
                "size": 512
              }
            ],
            "file_system_config": [],
            "filename": "/home/cnt/Desktop/Cloud/MenuQR/terraform/lambda_menuqr-ml-worker.zip",
            "function_name": "menuqr-ml-worker",
            "handler": "worker_lambda.handler",
            "id": "menuqr-ml-worker",
            "image_config": [],
            "image_uri": "",
            "invoke_arn": "arn:aws:apigateway:us-east-1:lambda:path/2015-03-31/functions/arn:aws:lambda:us-east-1:767397812108:function:menuqr-ml-worker/invocations",
            "kms_key_arn": "",
            "last_modified": "2026-05-16T22:35:06.133+0000",
            "layers": null,
            "logging_config": [
              {
                "application_log_level": "",
                "log_format": "Text",
                "log_group": "/aws/lambda/menuqr-ml-worker",
                "system_log_level": ""
              }
            ],
            "memory_size": 128,
            "package_type": "Zip",
            "publish": false,
            "publish_to": null,
            "qualified_arn": "arn:aws:lambda:us-east-1:767397812108:function:menuqr-ml-worker:$LATEST",
            "qualified_invoke_arn": "arn:aws:apigateway:us-east-1:lambda:path/2015-03-31/functions/arn:aws:lambda:us-east-1:767397812108:function:menuqr-ml-worker:$LATEST/invocations",
            "region": "us-east-1",
            "replace_security_groups_on_destroy": null,
            "replacement_security_group_ids": null,
            "reserved_concurrent_executions": -1,
            "response_streaming_invoke_arn": "arn:aws:apigateway:us-east-1:lambda:path/2021-11-15/functions/arn:aws:lambda:us-east-1:767397812108:function:menuqr-ml-worker/response-streaming-invocations",
            "role": "arn:aws:iam::767397812108:role/LabRole",
            "runtime": "python3.12",
            "s3_bucket": null,
            "s3_key": null,
            "s3_object_version": null,
            "signing_job_arn": "",
            "signing_profile_version_arn": "",
            "skip_destroy": false,
            "snap_start": [],
            "source_code_hash": "1CpggVUokysdyVlysdWe0zR8FOpGHk2CwESZsVUSt2w=",
            "source_code_size": 2327,
            "source_kms_key_arn": "",
            "tags": null,
            "tags_all": {},
            "tenancy_config": [],
            "timeout": 300,
            "timeouts": null,
            "tracing_config": [
              {
                "mode": "PassThrough"
              }
            ],
            "version": "$LATEST",
            "vpc_config": []
          },
          "sensitive_attributes": [],
          "identity_schema_version": 0,
          "identity": {
            "account_id": "767397812108",
            "function_name": "menuqr-ml-worker",
            "region": "us-east-1"
          },
          "private": "eyJlMmJmYjczMC1lY2FhLTExZTYtOGY4OC0zNDM2M2JjN2M0YzAiOnsiY3JlYXRlIjo2MDAwMDAwMDAwMDAsImRlbGV0ZSI6NjAwMDAwMDAwMDAwLCJ1cGRhdGUiOjYwMDAwMDAwMDAwMH19",
          "dependencies": [
            "aws_dynamodb_table.menuqr_events",
            "data.aws_iam_role.lab_role",
            "module.ml_worker_lambda.data.archive_file.lambda_zip",
            "module.s3-private-buckets.aws_s3_bucket.this",
            "module.s3-private-buckets.aws_s3_bucket_ownership_controls.this",
            "module.s3-private-buckets.aws_s3_bucket_public_access_block.this",
            "module.s3-private-buckets.aws_s3_bucket_server_side_encryption_configuration.this",
            "module.s3-private-buckets.aws_s3_bucket_versioning.this"
          ]
        }
      ]
    },
    {
      "module": "module.rds_proxy",
      "mode": "managed",
      "type": "aws_cloudwatch_log_group",
      "name": "this",
      "provider": "provider[\"registry.terraform.io/hashicorp/aws\"]",
      "instances": [
        {
          "index_key": 0,
          "schema_version": 0,
          "attributes": {
            "arn": "arn:aws:logs:us-east-1:767397812108:log-group:/aws/rds/proxy/menuqr-rds-proxy",
            "deletion_protection_enabled": false,
            "id": "/aws/rds/proxy/menuqr-rds-proxy",
            "kms_key_id": "",
            "log_group_class": "STANDARD",
            "name": "/aws/rds/proxy/menuqr-rds-proxy",
            "name_prefix": "",
            "region": "us-east-1",
            "retention_in_days": 30,
            "skip_destroy": false,
            "tags": null,
            "tags_all": {}
          },
          "sensitive_attributes": [],
          "identity_schema_version": 0,
          "identity": {
            "account_id": "767397812108",
            "name": "/aws/rds/proxy/menuqr-rds-proxy",
            "region": "us-east-1"
          },
          "private": "bnVsbA=="
        }
      ]
    },
    {
      "module": "module.rds_proxy",
      "mode": "managed",
      "type": "aws_db_proxy",
      "name": "this",
      "provider": "provider[\"registry.terraform.io/hashicorp/aws\"]",
      "instances": [
        {
          "index_key": 0,
          "schema_version": 0,
          "attributes": {
            "arn": "arn:aws:rds:us-east-1:767397812108:db-proxy:prx-03550029becb16883",
            "auth": [
              {
                "auth_scheme": "SECRETS",
                "client_password_auth_type": "POSTGRES_SCRAM_SHA_256",
                "description": "Credenciales maestras RDS (Secrets Manager)",
                "iam_auth": "DISABLED",
                "secret_arn": "arn:aws:secretsmanager:us-east-1:767397812108:secret:rds!db-c2357d1b-7efd-44f3-b253-dc97da104af5-lVyHW2",
                "username": ""
              }
            ],
            "debug_logging": false,
            "default_auth_scheme": "NONE",
            "endpoint": "menuqr-rds-proxy.proxy-c9auakcmctma.us-east-1.rds.amazonaws.com",
            "endpoint_network_type": "IPV4",
            "engine_family": "POSTGRESQL",
            "id": "menuqr-rds-proxy",
            "idle_client_timeout": 1800,
            "name": "menuqr-rds-proxy",
            "region": "us-east-1",
            "require_tls": true,
            "role_arn": "arn:aws:iam::767397812108:role/LabRole",
            "tags": null,
            "tags_all": {},
            "target_connection_network_type": "IPV4",
            "timeouts": null,
            "vpc_security_group_ids": [
              "sg-04b43e7b2aec90f0a"
            ],
            "vpc_subnet_ids": [
              "subnet-03e2100c19e8cd6ba",
              "subnet-0455bf499f2264bd0"
            ]
          },
          "sensitive_attributes": [],
          "identity_schema_version": 0,
          "private": "eyJlMmJmYjczMC1lY2FhLTExZTYtOGY4OC0zNDM2M2JjN2M0YzAiOnsiY3JlYXRlIjoxODAwMDAwMDAwMDAwLCJkZWxldGUiOjM2MDAwMDAwMDAwMDAsInVwZGF0ZSI6MTgwMDAwMDAwMDAwMH19",
          "dependencies": [
            "aws_db_instance.db",
            "aws_security_group.db",
            "aws_security_group.proxy",
            "data.aws_availability_zones.available",
            "data.aws_iam_role.lab_role",
            "module.rds_proxy.aws_cloudwatch_log_group.this",
            "module.rds_proxy.aws_iam_role.this",
            "module.rds_proxy.data.aws_iam_policy_document.assume_role",
            "module.rds_proxy.data.aws_region.current",
            "module.rds_proxy.data.aws_service_principal.rds",
            "module.vpc.aws_db_subnet_group.database",
            "module.vpc.aws_subnet.database",
            "module.vpc.aws_subnet.private",
            "module.vpc.aws_vpc.this",
            "module.vpc.aws_vpc_ipv4_cidr_block_association.this"
          ]
        }
      ]
    },
    {
      "module": "module.rds_proxy",
      "mode": "managed",
      "type": "aws_db_proxy_default_target_group",
      "name": "this",
      "provider": "provider[\"registry.terraform.io/hashicorp/aws\"]",
      "instances": [
        {
          "index_key": 0,
          "schema_version": 0,
          "attributes": {
            "arn": "arn:aws:rds:us-east-1:767397812108:target-group:prx-tg-0278e4992dfafed06",
            "connection_pool_config": [
              {
                "connection_borrow_timeout": 120,
                "init_query": "",
                "max_connections_percent": 90,
                "max_idle_connections_percent": 50,
                "session_pinning_filters": null
              }
            ],
            "db_proxy_name": "menuqr-rds-proxy",
            "id": "menuqr-rds-proxy",
            "name": "default",
            "region": "us-east-1",
            "timeouts": null
          },
          "sensitive_attributes": [],
          "identity_schema_version": 0,
          "private": "eyJlMmJmYjczMC1lY2FhLTExZTYtOGY4OC0zNDM2M2JjN2M0YzAiOnsiY3JlYXRlIjoxODAwMDAwMDAwMDAwLCJ1cGRhdGUiOjE4MDAwMDAwMDAwMDB9fQ==",
          "dependencies": [
            "aws_db_instance.db",
            "aws_security_group.db",
            "aws_security_group.proxy",
            "data.aws_availability_zones.available",
            "data.aws_iam_role.lab_role",
            "module.rds_proxy.aws_cloudwatch_log_group.this",
            "module.rds_proxy.aws_db_proxy.this",
            "module.rds_proxy.aws_iam_role.this",
            "module.rds_proxy.data.aws_iam_policy_document.assume_role",
            "module.rds_proxy.data.aws_region.current",
            "module.rds_proxy.data.aws_service_principal.rds",
            "module.vpc.aws_db_subnet_group.database",
            "module.vpc.aws_subnet.database",
            "module.vpc.aws_subnet.private",
            "module.vpc.aws_vpc.this",
            "module.vpc.aws_vpc_ipv4_cidr_block_association.this"
          ]
        }
      ]
    },
    {
      "module": "module.rds_proxy",
      "mode": "managed",
      "type": "aws_db_proxy_target",
      "name": "db_instance",
      "provider": "provider[\"registry.terraform.io/hashicorp/aws\"]",
      "instances": [
        {
          "index_key": 0,
          "schema_version": 0,
          "attributes": {
            "db_cluster_identifier": null,
            "db_instance_identifier": "menuqr-postgres",
            "db_proxy_name": "menuqr-rds-proxy",
            "endpoint": "menuqr-postgres.c9auakcmctma.us-east-1.rds.amazonaws.com",
            "id": "menuqr-rds-proxy/default/RDS_INSTANCE/menuqr-postgres",
            "port": 5432,
            "rds_resource_id": "menuqr-postgres",
            "region": "us-east-1",
            "target_arn": "",
            "target_group_name": "default",
            "tracked_cluster_id": "",
            "type": "RDS_INSTANCE"
          },
          "sensitive_attributes": [],
          "identity_schema_version": 0,
          "private": "bnVsbA==",
          "dependencies": [
            "aws_db_instance.db",
            "aws_security_group.db",
            "aws_security_group.proxy",
            "data.aws_availability_zones.available",
            "data.aws_iam_role.lab_role",
            "module.rds_proxy.aws_cloudwatch_log_group.this",
            "module.rds_proxy.aws_db_proxy.this",
            "module.rds_proxy.aws_db_proxy_default_target_group.this",
            "module.rds_proxy.aws_iam_role.this",
            "module.rds_proxy.data.aws_iam_policy_document.assume_role",
            "module.rds_proxy.data.aws_region.current",
            "module.rds_proxy.data.aws_service_principal.rds",
            "module.vpc.aws_db_subnet_group.database",
            "module.vpc.aws_subnet.database",
            "module.vpc.aws_subnet.private",
            "module.vpc.aws_vpc.this",
            "module.vpc.aws_vpc_ipv4_cidr_block_association.this"
          ]
        }
      ]
    },
    {
      "module": "module.s3-private-buckets[\"menuqr-images\"]",
      "mode": "managed",
      "type": "aws_s3_bucket",
      "name": "this",
      "provider": "provider[\"registry.terraform.io/hashicorp/aws\"]",
      "instances": [
        {
          "schema_version": 0,
          "attributes": {
            "acceleration_status": "",
            "acl": null,
            "arn": "arn:aws:s3:::menuqr-images20260516223446662300000004",
            "bucket": "menuqr-images20260516223446662300000004",
            "bucket_domain_name": "menuqr-images20260516223446662300000004.s3.amazonaws.com",
            "bucket_namespace": "global",
            "bucket_prefix": "menuqr-images",
            "bucket_region": "us-east-1",
            "bucket_regional_domain_name": "menuqr-images20260516223446662300000004.s3.us-east-1.amazonaws.com",
            "cors_rule": [],
            "force_destroy": true,
            "grant": [
              {
                "id": "937e34dad1a9edfb228ad64c929a49d1936f19e354b8bbfa2ee87d6aac955f8b",
                "permissions": [
                  "FULL_CONTROL"
                ],
                "type": "CanonicalUser",
                "uri": ""
              }
            ],
            "hosted_zone_id": "Z3AQBSTGFYJSTF",
            "id": "menuqr-images20260516223446662300000004",
            "lifecycle_rule": [],
            "logging": [],
            "object_lock_configuration": [],
            "object_lock_enabled": false,
            "policy": "",
            "region": "us-east-1",
            "replication_configuration": [],
            "request_payer": "BucketOwner",
            "server_side_encryption_configuration": [
              {
                "rule": [
                  {
                    "apply_server_side_encryption_by_default": [
                      {
                        "kms_master_key_id": "",
                        "sse_algorithm": "AES256"
                      }
                    ],
                    "bucket_key_enabled": false
                  }
                ]
              }
            ],
            "tags": null,
            "tags_all": {},
            "timeouts": null,
            "versioning": [
              {
                "enabled": false,
                "mfa_delete": false
              }
            ],
            "website": [],
            "website_domain": null,
            "website_endpoint": null
          },
          "sensitive_attributes": [],
          "identity_schema_version": 0,
          "identity": {
            "account_id": "767397812108",
            "bucket": "menuqr-images20260516223446662300000004",
            "region": "us-east-1"
          },
          "private": "eyJlMmJmYjczMC1lY2FhLTExZTYtOGY4OC0zNDM2M2JjN2M0YzAiOnsiY3JlYXRlIjoxMjAwMDAwMDAwMDAwLCJkZWxldGUiOjM2MDAwMDAwMDAwMDAsInJlYWQiOjEyMDAwMDAwMDAwMDAsInVwZGF0ZSI6MTIwMDAwMDAwMDAwMH19"
        }
      ]
    },
    {
      "module": "module.s3-private-buckets[\"menuqr-images\"]",
      "mode": "managed",
      "type": "aws_s3_bucket_ownership_controls",
      "name": "this",
      "provider": "provider[\"registry.terraform.io/hashicorp/aws\"]",
      "instances": [
        {
          "schema_version": 0,
          "attributes": {
            "bucket": "menuqr-images20260516223446662300000004",
            "id": "menuqr-images20260516223446662300000004",
            "region": "us-east-1",
            "rule": [
              {
                "object_ownership": "BucketOwnerEnforced"
              }
            ]
          },
          "sensitive_attributes": [],
          "identity_schema_version": 0,
          "identity": {
            "account_id": "767397812108",
            "bucket": "menuqr-images20260516223446662300000004",
            "region": "us-east-1"
          },
          "private": "bnVsbA==",
          "dependencies": [
            "module.s3-private-buckets.aws_s3_bucket.this"
          ]
        }
      ]
    },
    {
      "module": "module.s3-private-buckets[\"menuqr-images\"]",
      "mode": "managed",
      "type": "aws_s3_bucket_public_access_block",
      "name": "this",
      "provider": "provider[\"registry.terraform.io/hashicorp/aws\"]",
      "instances": [
        {
          "schema_version": 0,
          "attributes": {
            "block_public_acls": true,
            "block_public_policy": true,
            "bucket": "menuqr-images20260516223446662300000004",
            "id": "menuqr-images20260516223446662300000004",
            "ignore_public_acls": true,
            "region": "us-east-1",
            "restrict_public_buckets": true,
            "skip_destroy": null
          },
          "sensitive_attributes": [],
          "identity_schema_version": 0,
          "identity": {
            "account_id": "767397812108",
            "bucket": "menuqr-images20260516223446662300000004",
            "region": "us-east-1"
          },
          "private": "bnVsbA==",
          "dependencies": [
            "module.s3-private-buckets.aws_s3_bucket.this"
          ]
        }
      ]
    },
    {
      "module": "module.s3-private-buckets[\"menuqr-images\"]",
      "mode": "managed",
      "type": "aws_s3_bucket_server_side_encryption_configuration",
      "name": "this",
      "provider": "provider[\"registry.terraform.io/hashicorp/aws\"]",
      "instances": [
        {
          "schema_version": 0,
          "attributes": {
            "bucket": "menuqr-images20260516223446662300000004",
            "expected_bucket_owner": "",
            "id": "menuqr-images20260516223446662300000004",
            "region": "us-east-1",
            "rule": [
              {
                "apply_server_side_encryption_by_default": [
                  {
                    "kms_master_key_id": "",
                    "sse_algorithm": "AES256"
                  }
                ],
                "blocked_encryption_types": [
                  "SSE-C"
                ],
                "bucket_key_enabled": false
              }
            ]
          },
          "sensitive_attributes": [],
          "identity_schema_version": 1,
          "identity": {
            "account_id": "767397812108",
            "bucket": "menuqr-images20260516223446662300000004",
            "region": "us-east-1"
          },
          "private": "bnVsbA==",
          "dependencies": [
            "module.s3-private-buckets.aws_s3_bucket.this",
            "module.s3-private-buckets.aws_s3_bucket_ownership_controls.this"
          ]
        }
      ]
    },
    {
      "module": "module.s3-private-buckets[\"menuqr-images\"]",
      "mode": "managed",
      "type": "aws_s3_bucket_versioning",
      "name": "this",
      "provider": "provider[\"registry.terraform.io/hashicorp/aws\"]",
      "instances": [
        {
          "schema_version": 0,
          "attributes": {
            "bucket": "menuqr-images20260516223446662300000004",
            "expected_bucket_owner": "",
            "id": "menuqr-images20260516223446662300000004",
            "mfa": null,
            "region": "us-east-1",
            "versioning_configuration": [
              {
                "mfa_delete": "",
                "status": "Enabled"
              }
            ]
          },
          "sensitive_attributes": [],
          "identity_schema_version": 1,
          "identity": {
            "account_id": "767397812108",
            "bucket": "menuqr-images20260516223446662300000004",
            "region": "us-east-1"
          },
          "private": "bnVsbA==",
          "dependencies": [
            "module.s3-private-buckets.aws_s3_bucket.this"
          ]
        }
      ]
    },
    {
      "module": "module.s3-private-buckets[\"menuqr-ml\"]",
      "mode": "managed",
      "type": "aws_s3_bucket",
      "name": "this",
      "provider": "provider[\"registry.terraform.io/hashicorp/aws\"]",
      "instances": [
        {
          "schema_version": 0,
          "attributes": {
            "acceleration_status": "",
            "acl": null,
            "arn": "arn:aws:s3:::menuqr-ml20260516223446662100000001",
            "bucket": "menuqr-ml20260516223446662100000001",
            "bucket_domain_name": "menuqr-ml20260516223446662100000001.s3.amazonaws.com",
            "bucket_namespace": "global",
            "bucket_prefix": "menuqr-ml",
            "bucket_region": "us-east-1",
            "bucket_regional_domain_name": "menuqr-ml20260516223446662100000001.s3.us-east-1.amazonaws.com",
            "cors_rule": [],
            "force_destroy": true,
            "grant": [
              {
                "id": "937e34dad1a9edfb228ad64c929a49d1936f19e354b8bbfa2ee87d6aac955f8b",
                "permissions": [
                  "FULL_CONTROL"
                ],
                "type": "CanonicalUser",
                "uri": ""
              }
            ],
            "hosted_zone_id": "Z3AQBSTGFYJSTF",
            "id": "menuqr-ml20260516223446662100000001",
            "lifecycle_rule": [],
            "logging": [],
            "object_lock_configuration": [],
            "object_lock_enabled": false,
            "policy": "",
            "region": "us-east-1",
            "replication_configuration": [],
            "request_payer": "BucketOwner",
            "server_side_encryption_configuration": [
              {
                "rule": [
                  {
                    "apply_server_side_encryption_by_default": [
                      {
                        "kms_master_key_id": "",
                        "sse_algorithm": "AES256"
                      }
                    ],
                    "bucket_key_enabled": false
                  }
                ]
              }
            ],
            "tags": null,
            "tags_all": {},
            "timeouts": null,
            "versioning": [
              {
                "enabled": false,
                "mfa_delete": false
              }
            ],
            "website": [],
            "website_domain": null,
            "website_endpoint": null
          },
          "sensitive_attributes": [],
          "identity_schema_version": 0,
          "identity": {
            "account_id": "767397812108",
            "bucket": "menuqr-ml20260516223446662100000001",
            "region": "us-east-1"
          },
          "private": "eyJlMmJmYjczMC1lY2FhLTExZTYtOGY4OC0zNDM2M2JjN2M0YzAiOnsiY3JlYXRlIjoxMjAwMDAwMDAwMDAwLCJkZWxldGUiOjM2MDAwMDAwMDAwMDAsInJlYWQiOjEyMDAwMDAwMDAwMDAsInVwZGF0ZSI6MTIwMDAwMDAwMDAwMH19"
        }
      ]
    },
    {
      "module": "module.s3-private-buckets[\"menuqr-ml\"]",
      "mode": "managed",
      "type": "aws_s3_bucket_ownership_controls",
      "name": "this",
      "provider": "provider[\"registry.terraform.io/hashicorp/aws\"]",
      "instances": [
        {
          "schema_version": 0,
          "attributes": {
            "bucket": "menuqr-ml20260516223446662100000001",
            "id": "menuqr-ml20260516223446662100000001",
            "region": "us-east-1",
            "rule": [
              {
                "object_ownership": "BucketOwnerEnforced"
              }
            ]
          },
          "sensitive_attributes": [],
          "identity_schema_version": 0,
          "identity": {
            "account_id": "767397812108",
            "bucket": "menuqr-ml20260516223446662100000001",
            "region": "us-east-1"
          },
          "private": "bnVsbA==",
          "dependencies": [
            "module.s3-private-buckets.aws_s3_bucket.this"
          ]
        }
      ]
    },
    {
      "module": "module.s3-private-buckets[\"menuqr-ml\"]",
      "mode": "managed",
      "type": "aws_s3_bucket_public_access_block",
      "name": "this",
      "provider": "provider[\"registry.terraform.io/hashicorp/aws\"]",
      "instances": [
        {
          "schema_version": 0,
          "attributes": {
            "block_public_acls": true,
            "block_public_policy": true,
            "bucket": "menuqr-ml20260516223446662100000001",
            "id": "menuqr-ml20260516223446662100000001",
            "ignore_public_acls": true,
            "region": "us-east-1",
            "restrict_public_buckets": true,
            "skip_destroy": null
          },
          "sensitive_attributes": [],
          "identity_schema_version": 0,
          "identity": {
            "account_id": "767397812108",
            "bucket": "menuqr-ml20260516223446662100000001",
            "region": "us-east-1"
          },
          "private": "bnVsbA==",
          "dependencies": [
            "module.s3-private-buckets.aws_s3_bucket.this"
          ]
        }
      ]
    },
    {
      "module": "module.s3-private-buckets[\"menuqr-ml\"]",
      "mode": "managed",
      "type": "aws_s3_bucket_server_side_encryption_configuration",
      "name": "this",
      "provider": "provider[\"registry.terraform.io/hashicorp/aws\"]",
      "instances": [
        {
          "schema_version": 0,
          "attributes": {
            "bucket": "menuqr-ml20260516223446662100000001",
            "expected_bucket_owner": "",
            "id": "menuqr-ml20260516223446662100000001",
            "region": "us-east-1",
            "rule": [
              {
                "apply_server_side_encryption_by_default": [
                  {
                    "kms_master_key_id": "",
                    "sse_algorithm": "AES256"
                  }
                ],
                "blocked_encryption_types": [
                  "SSE-C"
                ],
                "bucket_key_enabled": false
              }
            ]
          },
          "sensitive_attributes": [],
          "identity_schema_version": 1,
          "identity": {
            "account_id": "767397812108",
            "bucket": "menuqr-ml20260516223446662100000001",
            "region": "us-east-1"
          },
          "private": "bnVsbA==",
          "dependencies": [
            "module.s3-private-buckets.aws_s3_bucket.this",
            "module.s3-private-buckets.aws_s3_bucket_ownership_controls.this"
          ]
        }
      ]
    },
    {
      "module": "module.s3-private-buckets[\"menuqr-ml\"]",
      "mode": "managed",
      "type": "aws_s3_bucket_versioning",
      "name": "this",
      "provider": "provider[\"registry.terraform.io/hashicorp/aws\"]",
      "instances": [
        {
          "schema_version": 0,
          "attributes": {
            "bucket": "menuqr-ml20260516223446662100000001",
            "expected_bucket_owner": "",
            "id": "menuqr-ml20260516223446662100000001",
            "mfa": null,
            "region": "us-east-1",
            "versioning_configuration": [
              {
                "mfa_delete": "",
                "status": "Enabled"
              }
            ]
          },
          "sensitive_attributes": [],
          "identity_schema_version": 1,
          "identity": {
            "account_id": "767397812108",
            "bucket": "menuqr-ml20260516223446662100000001",
            "region": "us-east-1"
          },
          "private": "bnVsbA==",
          "dependencies": [
            "module.s3-private-buckets.aws_s3_bucket.this"
          ]
        }
      ]
    },
    {
      "module": "module.s3-public-websites[\"menuqr-admin\"]",
      "mode": "managed",
      "type": "aws_s3_bucket",
      "name": "this",
      "provider": "provider[\"registry.terraform.io/hashicorp/aws\"]",
      "instances": [
        {
          "schema_version": 0,
          "attributes": {
            "acceleration_status": "",
            "acl": null,
            "arn": "arn:aws:s3:::menuqr-admin20260516223446662200000003",
            "bucket": "menuqr-admin20260516223446662200000003",
            "bucket_domain_name": "menuqr-admin20260516223446662200000003.s3.amazonaws.com",
            "bucket_namespace": "global",
            "bucket_prefix": "menuqr-admin",
            "bucket_region": "us-east-1",
            "bucket_regional_domain_name": "menuqr-admin20260516223446662200000003.s3.us-east-1.amazonaws.com",
            "cors_rule": [],
            "force_destroy": true,
            "grant": [
              {
                "id": "937e34dad1a9edfb228ad64c929a49d1936f19e354b8bbfa2ee87d6aac955f8b",
                "permissions": [
                  "FULL_CONTROL"
                ],
                "type": "CanonicalUser",
                "uri": ""
              }
            ],
            "hosted_zone_id": "Z3AQBSTGFYJSTF",
            "id": "menuqr-admin20260516223446662200000003",
            "lifecycle_rule": [],
            "logging": [],
            "object_lock_configuration": [],
            "object_lock_enabled": false,
            "policy": "",
            "region": "us-east-1",
            "replication_configuration": [],
            "request_payer": "BucketOwner",
            "server_side_encryption_configuration": [
              {
                "rule": [
                  {
                    "apply_server_side_encryption_by_default": [
                      {
                        "kms_master_key_id": "",
                        "sse_algorithm": "AES256"
                      }
                    ],
                    "bucket_key_enabled": false
                  }
                ]
              }
            ],
            "tags": null,
            "tags_all": {},
            "timeouts": null,
            "versioning": [
              {
                "enabled": false,
                "mfa_delete": false
              }
            ],
            "website": [],
            "website_domain": null,
            "website_endpoint": null
          },
          "sensitive_attributes": [],
          "identity_schema_version": 0,
          "identity": {
            "account_id": "767397812108",
            "bucket": "menuqr-admin20260516223446662200000003",
            "region": "us-east-1"
          },
          "private": "eyJlMmJmYjczMC1lY2FhLTExZTYtOGY4OC0zNDM2M2JjN2M0YzAiOnsiY3JlYXRlIjoxMjAwMDAwMDAwMDAwLCJkZWxldGUiOjM2MDAwMDAwMDAwMDAsInJlYWQiOjEyMDAwMDAwMDAwMDAsInVwZGF0ZSI6MTIwMDAwMDAwMDAwMH19"
        }
      ]
    },
    {
      "module": "module.s3-public-websites[\"menuqr-admin\"]",
      "mode": "managed",
      "type": "aws_s3_bucket_acl",
      "name": "this",
      "provider": "provider[\"registry.terraform.io/hashicorp/aws\"]",
      "instances": [
        {
          "schema_version": 0,
          "attributes": {
            "access_control_policy": [
              {
                "grant": [
                  {
                    "grantee": [
                      {
                        "display_name": "",
                        "email_address": "",
                        "id": "",
                        "type": "Group",
                        "uri": "http://acs.amazonaws.com/groups/global/AllUsers"
                      }
                    ],
                    "permission": "READ"
                  },
                  {
                    "grantee": [
                      {
                        "display_name": "",
                        "email_address": "",
                        "id": "937e34dad1a9edfb228ad64c929a49d1936f19e354b8bbfa2ee87d6aac955f8b",
                        "type": "CanonicalUser",
                        "uri": ""
                      }
                    ],
                    "permission": "FULL_CONTROL"
                  }
                ],
                "owner": [
                  {
                    "display_name": "",
                    "id": "937e34dad1a9edfb228ad64c929a49d1936f19e354b8bbfa2ee87d6aac955f8b"
                  }
                ]
              }
            ],
            "acl": "public-read",
            "bucket": "menuqr-admin20260516223446662200000003",
            "expected_bucket_owner": "",
            "id": "menuqr-admin20260516223446662200000003,public-read",
            "region": "us-east-1"
          },
          "sensitive_attributes": [],
          "identity_schema_version": 1,
          "identity": {
            "account_id": "767397812108",
            "bucket": "menuqr-admin20260516223446662200000003",
            "region": "us-east-1"
          },
          "private": "bnVsbA==",
          "dependencies": [
            "module.s3-public-websites.aws_s3_bucket.this",
            "module.s3-public-websites.aws_s3_bucket_ownership_controls.this",
            "module.s3-public-websites.aws_s3_bucket_public_access_block.this"
          ]
        }
      ]
    },
    {
      "module": "module.s3-public-websites[\"menuqr-admin\"]",
      "mode": "managed",
      "type": "aws_s3_bucket_ownership_controls",
      "name": "this",
      "provider": "provider[\"registry.terraform.io/hashicorp/aws\"]",
      "instances": [
        {
          "schema_version": 0,
          "attributes": {
            "bucket": "menuqr-admin20260516223446662200000003",
            "id": "menuqr-admin20260516223446662200000003",
            "region": "us-east-1",
            "rule": [
              {
                "object_ownership": "BucketOwnerPreferred"
              }
            ]
          },
          "sensitive_attributes": [],
          "identity_schema_version": 0,
          "identity": {
            "account_id": "767397812108",
            "bucket": "menuqr-admin20260516223446662200000003",
            "region": "us-east-1"
          },
          "private": "bnVsbA==",
          "dependencies": [
            "module.s3-public-websites.aws_s3_bucket.this"
          ]
        }
      ]
    },
    {
      "module": "module.s3-public-websites[\"menuqr-admin\"]",
      "mode": "managed",
      "type": "aws_s3_bucket_policy",
      "name": "this",
      "provider": "provider[\"registry.terraform.io/hashicorp/aws\"]",
      "instances": [
        {
          "schema_version": 0,
          "attributes": {
            "bucket": "menuqr-admin20260516223446662200000003",
            "id": "menuqr-admin20260516223446662200000003",
            "policy": "{\"Statement\":[{\"Action\":\"s3:GetObject\",\"Effect\":\"Allow\",\"Principal\":\"*\",\"Resource\":\"arn:aws:s3:::menuqr-admin20260516223446662200000003/*\",\"Sid\":\"PublicReadGetObject\"}],\"Version\":\"2012-10-17\"}",
            "region": "us-east-1"
          },
          "sensitive_attributes": [],
          "identity_schema_version": 0,
          "identity": {
            "account_id": "767397812108",
            "bucket": "menuqr-admin20260516223446662200000003",
            "region": "us-east-1"
          },
          "private": "bnVsbA==",
          "dependencies": [
            "module.s3-public-websites.aws_s3_bucket.this",
            "module.s3-public-websites.aws_s3_bucket_public_access_block.this"
          ]
        }
      ]
    },
    {
      "module": "module.s3-public-websites[\"menuqr-admin\"]",
      "mode": "managed",
      "type": "aws_s3_bucket_public_access_block",
      "name": "this",
      "provider": "provider[\"registry.terraform.io/hashicorp/aws\"]",
      "instances": [
        {
          "schema_version": 0,
          "attributes": {
            "block_public_acls": false,
            "block_public_policy": false,
            "bucket": "menuqr-admin20260516223446662200000003",
            "id": "menuqr-admin20260516223446662200000003",
            "ignore_public_acls": false,
            "region": "us-east-1",
            "restrict_public_buckets": false,
            "skip_destroy": null
          },
          "sensitive_attributes": [],
          "identity_schema_version": 0,
          "identity": {
            "account_id": "767397812108",
            "bucket": "menuqr-admin20260516223446662200000003",
            "region": "us-east-1"
          },
          "private": "bnVsbA==",
          "dependencies": [
            "module.s3-public-websites.aws_s3_bucket.this"
          ]
        }
      ]
    },
    {
      "module": "module.s3-public-websites[\"menuqr-admin\"]",
      "mode": "managed",
      "type": "aws_s3_bucket_versioning",
      "name": "this",
      "provider": "provider[\"registry.terraform.io/hashicorp/aws\"]",
      "instances": [
        {
          "schema_version": 0,
          "attributes": {
            "bucket": "menuqr-admin20260516223446662200000003",
            "expected_bucket_owner": "",
            "id": "menuqr-admin20260516223446662200000003",
            "mfa": null,
            "region": "us-east-1",
            "versioning_configuration": [
              {
                "mfa_delete": "",
                "status": "Disabled"
              }
            ]
          },
          "sensitive_attributes": [],
          "identity_schema_version": 1,
          "identity": {
            "account_id": "767397812108",
            "bucket": "menuqr-admin20260516223446662200000003",
            "region": "us-east-1"
          },
          "private": "bnVsbA==",
          "dependencies": [
            "module.s3-public-websites.aws_s3_bucket.this"
          ]
        }
      ]
    },
    {
      "module": "module.s3-public-websites[\"menuqr-admin\"]",
      "mode": "managed",
      "type": "aws_s3_bucket_website_configuration",
      "name": "this",
      "provider": "provider[\"registry.terraform.io/hashicorp/aws\"]",
      "instances": [
        {
          "schema_version": 0,
          "attributes": {
            "bucket": "menuqr-admin20260516223446662200000003",
            "error_document": [
              {
                "key": "index.html"
              }
            ],
            "expected_bucket_owner": "",
            "id": "menuqr-admin20260516223446662200000003",
            "index_document": [
              {
                "suffix": "index.html"
              }
            ],
            "redirect_all_requests_to": [],
            "region": "us-east-1",
            "routing_rule": [],
            "routing_rules": "",
            "website_domain": "s3-website-us-east-1.amazonaws.com",
            "website_endpoint": "menuqr-admin20260516223446662200000003.s3-website-us-east-1.amazonaws.com"
          },
          "sensitive_attributes": [],
          "identity_schema_version": 1,
          "identity": {
            "account_id": "767397812108",
            "bucket": "menuqr-admin20260516223446662200000003",
            "region": "us-east-1"
          },
          "private": "bnVsbA==",
          "dependencies": [
            "module.s3-public-websites.aws_s3_bucket.this"
          ]
        }
      ]
    },
    {
      "module": "module.s3-public-websites[\"menuqr-user\"]",
      "mode": "managed",
      "type": "aws_s3_bucket",
      "name": "this",
      "provider": "provider[\"registry.terraform.io/hashicorp/aws\"]",
      "instances": [
        {
          "schema_version": 0,
          "attributes": {
            "acceleration_status": "",
            "acl": null,
            "arn": "arn:aws:s3:::menuqr-user20260516223446662200000002",
            "bucket": "menuqr-user20260516223446662200000002",
            "bucket_domain_name": "menuqr-user20260516223446662200000002.s3.amazonaws.com",
            "bucket_namespace": "global",
            "bucket_prefix": "menuqr-user",
            "bucket_region": "us-east-1",
            "bucket_regional_domain_name": "menuqr-user20260516223446662200000002.s3.us-east-1.amazonaws.com",
            "cors_rule": [],
            "force_destroy": true,
            "grant": [
              {
                "id": "937e34dad1a9edfb228ad64c929a49d1936f19e354b8bbfa2ee87d6aac955f8b",
                "permissions": [
                  "FULL_CONTROL"
                ],
                "type": "CanonicalUser",
                "uri": ""
              }
            ],
            "hosted_zone_id": "Z3AQBSTGFYJSTF",
            "id": "menuqr-user20260516223446662200000002",
            "lifecycle_rule": [],
            "logging": [],
            "object_lock_configuration": [],
            "object_lock_enabled": false,
            "policy": "",
            "region": "us-east-1",
            "replication_configuration": [],
            "request_payer": "BucketOwner",
            "server_side_encryption_configuration": [
              {
                "rule": [
                  {
                    "apply_server_side_encryption_by_default": [
                      {
                        "kms_master_key_id": "",
                        "sse_algorithm": "AES256"
                      }
                    ],
                    "bucket_key_enabled": false
                  }
                ]
              }
            ],
            "tags": null,
            "tags_all": {},
            "timeouts": null,
            "versioning": [
              {
                "enabled": false,
                "mfa_delete": false
              }
            ],
            "website": [],
            "website_domain": null,
            "website_endpoint": null
          },
          "sensitive_attributes": [],
          "identity_schema_version": 0,
          "identity": {
            "account_id": "767397812108",
            "bucket": "menuqr-user20260516223446662200000002",
            "region": "us-east-1"
          },
          "private": "eyJlMmJmYjczMC1lY2FhLTExZTYtOGY4OC0zNDM2M2JjN2M0YzAiOnsiY3JlYXRlIjoxMjAwMDAwMDAwMDAwLCJkZWxldGUiOjM2MDAwMDAwMDAwMDAsInJlYWQiOjEyMDAwMDAwMDAwMDAsInVwZGF0ZSI6MTIwMDAwMDAwMDAwMH19"
        }
      ]
    },
    {
      "module": "module.s3-public-websites[\"menuqr-user\"]",
      "mode": "managed",
      "type": "aws_s3_bucket_acl",
      "name": "this",
      "provider": "provider[\"registry.terraform.io/hashicorp/aws\"]",
      "instances": [
        {
          "schema_version": 0,
          "attributes": {
            "access_control_policy": [
              {
                "grant": [
                  {
                    "grantee": [
                      {
                        "display_name": "",
                        "email_address": "",
                        "id": "",
                        "type": "Group",
                        "uri": "http://acs.amazonaws.com/groups/global/AllUsers"
                      }
                    ],
                    "permission": "READ"
                  },
                  {
                    "grantee": [
                      {
                        "display_name": "",
                        "email_address": "",
                        "id": "937e34dad1a9edfb228ad64c929a49d1936f19e354b8bbfa2ee87d6aac955f8b",
                        "type": "CanonicalUser",
                        "uri": ""
                      }
                    ],
                    "permission": "FULL_CONTROL"
                  }
                ],
                "owner": [
                  {
                    "display_name": "",
                    "id": "937e34dad1a9edfb228ad64c929a49d1936f19e354b8bbfa2ee87d6aac955f8b"
                  }
                ]
              }
            ],
            "acl": "public-read",
            "bucket": "menuqr-user20260516223446662200000002",
            "expected_bucket_owner": "",
            "id": "menuqr-user20260516223446662200000002,public-read",
            "region": "us-east-1"
          },
          "sensitive_attributes": [],
          "identity_schema_version": 1,
          "identity": {
            "account_id": "767397812108",
            "bucket": "menuqr-user20260516223446662200000002",
            "region": "us-east-1"
          },
          "private": "bnVsbA==",
          "dependencies": [
            "module.s3-public-websites.aws_s3_bucket.this",
            "module.s3-public-websites.aws_s3_bucket_ownership_controls.this",
            "module.s3-public-websites.aws_s3_bucket_public_access_block.this"
          ]
        }
      ]
    },
    {
      "module": "module.s3-public-websites[\"menuqr-user\"]",
      "mode": "managed",
      "type": "aws_s3_bucket_ownership_controls",
      "name": "this",
      "provider": "provider[\"registry.terraform.io/hashicorp/aws\"]",
      "instances": [
        {
          "schema_version": 0,
          "attributes": {
            "bucket": "menuqr-user20260516223446662200000002",
            "id": "menuqr-user20260516223446662200000002",
            "region": "us-east-1",
            "rule": [
              {
                "object_ownership": "BucketOwnerPreferred"
              }
            ]
          },
          "sensitive_attributes": [],
          "identity_schema_version": 0,
          "identity": {
            "account_id": "767397812108",
            "bucket": "menuqr-user20260516223446662200000002",
            "region": "us-east-1"
          },
          "private": "bnVsbA==",
          "dependencies": [
            "module.s3-public-websites.aws_s3_bucket.this"
          ]
        }
      ]
    },
    {
      "module": "module.s3-public-websites[\"menuqr-user\"]",
      "mode": "managed",
      "type": "aws_s3_bucket_policy",
      "name": "this",
      "provider": "provider[\"registry.terraform.io/hashicorp/aws\"]",
      "instances": [
        {
          "schema_version": 0,
          "attributes": {
            "bucket": "menuqr-user20260516223446662200000002",
            "id": "menuqr-user20260516223446662200000002",
            "policy": "{\"Statement\":[{\"Action\":\"s3:GetObject\",\"Effect\":\"Allow\",\"Principal\":\"*\",\"Resource\":\"arn:aws:s3:::menuqr-user20260516223446662200000002/*\",\"Sid\":\"PublicReadGetObject\"}],\"Version\":\"2012-10-17\"}",
            "region": "us-east-1"
          },
          "sensitive_attributes": [],
          "identity_schema_version": 0,
          "identity": {
            "account_id": "767397812108",
            "bucket": "menuqr-user20260516223446662200000002",
            "region": "us-east-1"
          },
          "private": "bnVsbA==",
          "dependencies": [
            "module.s3-public-websites.aws_s3_bucket.this",
            "module.s3-public-websites.aws_s3_bucket_public_access_block.this"
          ]
        }
      ]
    },
    {
      "module": "module.s3-public-websites[\"menuqr-user\"]",
      "mode": "managed",
      "type": "aws_s3_bucket_public_access_block",
      "name": "this",
      "provider": "provider[\"registry.terraform.io/hashicorp/aws\"]",
      "instances": [
        {
          "schema_version": 0,
          "attributes": {
            "block_public_acls": false,
            "block_public_policy": false,
            "bucket": "menuqr-user20260516223446662200000002",
            "id": "menuqr-user20260516223446662200000002",
            "ignore_public_acls": false,
            "region": "us-east-1",
            "restrict_public_buckets": false,
            "skip_destroy": null
          },
          "sensitive_attributes": [],
          "identity_schema_version": 0,
          "identity": {
            "account_id": "767397812108",
            "bucket": "menuqr-user20260516223446662200000002",
            "region": "us-east-1"
          },
          "private": "bnVsbA==",
          "dependencies": [
            "module.s3-public-websites.aws_s3_bucket.this"
          ]
        }
      ]
    },
    {
      "module": "module.s3-public-websites[\"menuqr-user\"]",
      "mode": "managed",
      "type": "aws_s3_bucket_versioning",
      "name": "this",
      "provider": "provider[\"registry.terraform.io/hashicorp/aws\"]",
      "instances": [
        {
          "schema_version": 0,
          "attributes": {
            "bucket": "menuqr-user20260516223446662200000002",
            "expected_bucket_owner": "",
            "id": "menuqr-user20260516223446662200000002",
            "mfa": null,
            "region": "us-east-1",
            "versioning_configuration": [
              {
                "mfa_delete": "",
                "status": "Disabled"
              }
            ]
          },
          "sensitive_attributes": [],
          "identity_schema_version": 1,
          "identity": {
            "account_id": "767397812108",
            "bucket": "menuqr-user20260516223446662200000002",
            "region": "us-east-1"
          },
          "private": "bnVsbA==",
          "dependencies": [
            "module.s3-public-websites.aws_s3_bucket.this"
          ]
        }
      ]
    },
    {
      "module": "module.s3-public-websites[\"menuqr-user\"]",
      "mode": "managed",
      "type": "aws_s3_bucket_website_configuration",
      "name": "this",
      "provider": "provider[\"registry.terraform.io/hashicorp/aws\"]",
      "instances": [
        {
          "schema_version": 0,
          "attributes": {
            "bucket": "menuqr-user20260516223446662200000002",
            "error_document": [
              {
                "key": "index.html"
              }
            ],
            "expected_bucket_owner": "",
            "id": "menuqr-user20260516223446662200000002",
            "index_document": [
              {
                "suffix": "index.html"
              }
            ],
            "redirect_all_requests_to": [],
            "region": "us-east-1",
            "routing_rule": [],
            "routing_rules": "",
            "website_domain": "s3-website-us-east-1.amazonaws.com",
            "website_endpoint": "menuqr-user20260516223446662200000002.s3-website-us-east-1.amazonaws.com"
          },
          "sensitive_attributes": [],
          "identity_schema_version": 1,
          "identity": {
            "account_id": "767397812108",
            "bucket": "menuqr-user20260516223446662200000002",
            "region": "us-east-1"
          },
          "private": "bnVsbA==",
          "dependencies": [
            "module.s3-public-websites.aws_s3_bucket.this"
          ]
        }
      ]
    },
    {
      "module": "module.vpc",
      "mode": "managed",
      "type": "aws_db_subnet_group",
      "name": "database",
      "provider": "provider[\"registry.terraform.io/hashicorp/aws\"]",
      "instances": [
        {
          "index_key": 0,
          "schema_version": 0,
          "attributes": {
            "arn": "arn:aws:rds:us-east-1:767397812108:subgrp:menuqr-vpc",
            "description": "Database subnet group for MenuQR-vpc",
            "id": "menuqr-vpc",
            "name": "menuqr-vpc",
            "name_prefix": "",
            "region": "us-east-1",
            "subnet_ids": [
              "subnet-0240cf69fcf46160b",
              "subnet-0de275a1b3d48c55c"
            ],
            "supported_network_types": [
              "IPV4"
            ],
            "tags": {
              "Name": "menuqr-vpc"
            },
            "tags_all": {
              "Name": "menuqr-vpc"
            },
            "vpc_id": "vpc-07c0dc45d6acf97fa"
          },
          "sensitive_attributes": [],
          "identity_schema_version": 0,
          "identity": {
            "account_id": "767397812108",
            "name": "menuqr-vpc",
            "region": "us-east-1"
          },
          "private": "bnVsbA==",
          "dependencies": [
            "data.aws_availability_zones.available",
            "module.vpc.aws_subnet.database",
            "module.vpc.aws_vpc.this",
            "module.vpc.aws_vpc_ipv4_cidr_block_association.this"
          ]
        }
      ]
    },
    {
      "module": "module.vpc",
      "mode": "managed",
      "type": "aws_default_network_acl",
      "name": "this",
      "provider": "provider[\"registry.terraform.io/hashicorp/aws\"]",
      "instances": [
        {
          "index_key": 0,
          "schema_version": 0,
          "attributes": {
            "arn": "arn:aws:ec2:us-east-1:767397812108:network-acl/acl-04c0917dc5c4348b7",
            "default_network_acl_id": "acl-04c0917dc5c4348b7",
            "egress": [
              {
                "action": "allow",
                "cidr_block": "",
                "from_port": 0,
                "icmp_code": null,
                "icmp_type": null,
                "ipv6_cidr_block": "::/0",
                "protocol": "-1",
                "rule_no": 101,
                "to_port": 0
              },
              {
                "action": "allow",
                "cidr_block": "0.0.0.0/0",
                "from_port": 0,
                "icmp_code": null,
                "icmp_type": null,
                "ipv6_cidr_block": "",
                "protocol": "-1",
                "rule_no": 100,
                "to_port": 0
              }
            ],
            "id": "acl-04c0917dc5c4348b7",
            "ingress": [
              {
                "action": "allow",
                "cidr_block": "",
                "from_port": 0,
                "icmp_code": null,
                "icmp_type": null,
                "ipv6_cidr_block": "::/0",
                "protocol": "-1",
                "rule_no": 101,
                "to_port": 0
              },
              {
                "action": "allow",
                "cidr_block": "0.0.0.0/0",
                "from_port": 0,
                "icmp_code": null,
                "icmp_type": null,
                "ipv6_cidr_block": "",
                "protocol": "-1",
                "rule_no": 100,
                "to_port": 0
              }
            ],
            "owner_id": "767397812108",
            "region": "us-east-1",
            "subnet_ids": null,
            "tags": {
              "Name": "MenuQR-vpc-default"
            },
            "tags_all": {
              "Name": "MenuQR-vpc-default"
            },
            "vpc_id": "vpc-07c0dc45d6acf97fa"
          },
          "sensitive_attributes": [],
          "identity_schema_version": 0,
          "private": "bnVsbA==",
          "dependencies": [
            "module.vpc.aws_vpc.this"
          ]
        }
      ]
    },
    {
      "module": "module.vpc",
      "mode": "managed",
      "type": "aws_default_route_table",
      "name": "default",
      "provider": "provider[\"registry.terraform.io/hashicorp/aws\"]",
      "instances": [
        {
          "index_key": 0,
          "schema_version": 0,
          "attributes": {
            "arn": "arn:aws:ec2:us-east-1:767397812108:route-table/rtb-06b6e0d216778bdc5",
            "default_route_table_id": "rtb-06b6e0d216778bdc5",
            "id": "rtb-06b6e0d216778bdc5",
            "owner_id": "767397812108",
            "propagating_vgws": null,
            "region": "us-east-1",
            "route": [],
            "tags": {
              "Name": "MenuQR-vpc-default"
            },
            "tags_all": {
              "Name": "MenuQR-vpc-default"
            },
            "timeouts": {
              "create": "5m",
              "update": "5m"
            },
            "vpc_id": "vpc-07c0dc45d6acf97fa"
          },
          "sensitive_attributes": [],
          "identity_schema_version": 0,
          "private": "eyJlMmJmYjczMC1lY2FhLTExZTYtOGY4OC0zNDM2M2JjN2M0YzAiOnsiY3JlYXRlIjozMDAwMDAwMDAwMDAsInVwZGF0ZSI6MzAwMDAwMDAwMDAwfX0=",
          "dependencies": [
            "module.vpc.aws_vpc.this"
          ]
        }
      ]
    },
    {
      "module": "module.vpc",
      "mode": "managed",
      "type": "aws_default_security_group",
      "name": "this",
      "provider": "provider[\"registry.terraform.io/hashicorp/aws\"]",
      "instances": [
        {
          "index_key": 0,
          "schema_version": 1,
          "attributes": {
            "arn": "arn:aws:ec2:us-east-1:767397812108:security-group/sg-0b808abb682267369",
            "description": "default VPC security group",
            "egress": [],
            "id": "sg-0b808abb682267369",
            "ingress": [],
            "name": "default",
            "name_prefix": "",
            "owner_id": "767397812108",
            "region": "us-east-1",
            "revoke_rules_on_delete": false,
            "tags": {
              "Name": "MenuQR-vpc-default"
            },
            "tags_all": {
              "Name": "MenuQR-vpc-default"
            },
            "vpc_id": "vpc-07c0dc45d6acf97fa"
          },
          "sensitive_attributes": [],
          "identity_schema_version": 0,
          "private": "eyJzY2hlbWFfdmVyc2lvbiI6IjEifQ==",
          "dependencies": [
            "module.vpc.aws_vpc.this"
          ]
        }
      ]
    },
    {
      "module": "module.vpc",
      "mode": "managed",
      "type": "aws_internet_gateway",
      "name": "this",
      "provider": "provider[\"registry.terraform.io/hashicorp/aws\"]",
      "instances": [
        {
          "index_key": 0,
          "schema_version": 0,
          "attributes": {
            "arn": "arn:aws:ec2:us-east-1:767397812108:internet-gateway/igw-01287c1bbf9b1d354",
            "id": "igw-01287c1bbf9b1d354",
            "owner_id": "767397812108",
            "region": "us-east-1",
            "tags": {
              "Name": "MenuQR-vpc"
            },
            "tags_all": {
              "Name": "MenuQR-vpc"
            },
            "timeouts": null,
            "vpc_id": "vpc-07c0dc45d6acf97fa"
          },
          "sensitive_attributes": [],
          "identity_schema_version": 0,
          "identity": {
            "account_id": "767397812108",
            "id": "igw-01287c1bbf9b1d354",
            "region": "us-east-1"
          },
          "private": "eyJlMmJmYjczMC1lY2FhLTExZTYtOGY4OC0zNDM2M2JjN2M0YzAiOnsiY3JlYXRlIjoxMjAwMDAwMDAwMDAwLCJkZWxldGUiOjEyMDAwMDAwMDAwMDAsInVwZGF0ZSI6MTIwMDAwMDAwMDAwMH19",
          "dependencies": [
            "module.vpc.aws_vpc.this",
            "module.vpc.aws_vpc_ipv4_cidr_block_association.this"
          ]
        }
      ]
    },
    {
      "module": "module.vpc",
      "mode": "managed",
      "type": "aws_route",
      "name": "public_internet_gateway",
      "provider": "provider[\"registry.terraform.io/hashicorp/aws\"]",
      "instances": [
        {
          "index_key": 0,
          "schema_version": 0,
          "attributes": {
            "carrier_gateway_id": "",
            "core_network_arn": "",
            "destination_cidr_block": "0.0.0.0/0",
            "destination_ipv6_cidr_block": "",
            "destination_prefix_list_id": "",
            "egress_only_gateway_id": "",
            "gateway_id": "igw-01287c1bbf9b1d354",
            "id": "r-rtb-06d90ebf8b86355281080289494",
            "instance_id": "",
            "instance_owner_id": "",
            "local_gateway_id": "",
            "nat_gateway_id": "",
            "network_interface_id": "",
            "origin": "CreateRoute",
            "region": "us-east-1",
            "route_table_id": "rtb-06d90ebf8b8635528",
            "state": "active",
            "timeouts": {
              "create": "5m",
              "delete": null,
              "update": null
            },
            "transit_gateway_id": "",
            "vpc_endpoint_id": "",
            "vpc_peering_connection_id": ""
          },
          "sensitive_attributes": [],
          "identity_schema_version": 0,
          "identity": {
            "account_id": "767397812108",
            "destination_cidr_block": "0.0.0.0/0",
            "destination_ipv6_cidr_block": null,
            "destination_prefix_list_id": null,
            "region": "us-east-1",
            "route_table_id": "rtb-06d90ebf8b8635528"
          },
          "private": "eyJlMmJmYjczMC1lY2FhLTExZTYtOGY4OC0zNDM2M2JjN2M0YzAiOnsiY3JlYXRlIjozMDAwMDAwMDAwMDAsImRlbGV0ZSI6MzAwMDAwMDAwMDAwLCJ1cGRhdGUiOjEyMDAwMDAwMDAwMH19",
          "dependencies": [
            "data.aws_availability_zones.available",
            "module.vpc.aws_internet_gateway.this",
            "module.vpc.aws_route_table.public",
            "module.vpc.aws_vpc.this",
            "module.vpc.aws_vpc_ipv4_cidr_block_association.this"
          ]
        }
      ]
    },
    {
      "module": "module.vpc",
      "mode": "managed",
      "type": "aws_route_table",
      "name": "private",
      "provider": "provider[\"registry.terraform.io/hashicorp/aws\"]",
      "instances": [
        {
          "index_key": 0,
          "schema_version": 0,
          "attributes": {
            "arn": "arn:aws:ec2:us-east-1:767397812108:route-table/rtb-0a50769261f86a782",
            "id": "rtb-0a50769261f86a782",
            "owner_id": "767397812108",
            "propagating_vgws": [],
            "region": "us-east-1",
            "route": [],
            "tags": {
              "Name": "MenuQR-vpc-private-us-east-1a"
            },
            "tags_all": {
              "Name": "MenuQR-vpc-private-us-east-1a"
            },
            "timeouts": null,
            "vpc_id": "vpc-07c0dc45d6acf97fa"
          },
          "sensitive_attributes": [],
          "identity_schema_version": 0,
          "identity": {
            "account_id": "767397812108",
            "id": "rtb-0a50769261f86a782",
            "region": "us-east-1"
          },
          "private": "eyJlMmJmYjczMC1lY2FhLTExZTYtOGY4OC0zNDM2M2JjN2M0YzAiOnsiY3JlYXRlIjozMDAwMDAwMDAwMDAsImRlbGV0ZSI6MzAwMDAwMDAwMDAwLCJ1cGRhdGUiOjEyMDAwMDAwMDAwMH19",
          "dependencies": [
            "data.aws_availability_zones.available",
            "module.vpc.aws_vpc.this",
            "module.vpc.aws_vpc_ipv4_cidr_block_association.this"
          ]
        },
        {
          "index_key": 1,
          "schema_version": 0,
          "attributes": {
            "arn": "arn:aws:ec2:us-east-1:767397812108:route-table/rtb-039d2b28f6c744263",
            "id": "rtb-039d2b28f6c744263",
            "owner_id": "767397812108",
            "propagating_vgws": [],
            "region": "us-east-1",
            "route": [],
            "tags": {
              "Name": "MenuQR-vpc-private-us-east-1b"
            },
            "tags_all": {
              "Name": "MenuQR-vpc-private-us-east-1b"
            },
            "timeouts": null,
            "vpc_id": "vpc-07c0dc45d6acf97fa"
          },
          "sensitive_attributes": [],
          "identity_schema_version": 0,
          "identity": {
            "account_id": "767397812108",
            "id": "rtb-039d2b28f6c744263",
            "region": "us-east-1"
          },
          "private": "eyJlMmJmYjczMC1lY2FhLTExZTYtOGY4OC0zNDM2M2JjN2M0YzAiOnsiY3JlYXRlIjozMDAwMDAwMDAwMDAsImRlbGV0ZSI6MzAwMDAwMDAwMDAwLCJ1cGRhdGUiOjEyMDAwMDAwMDAwMH19",
          "dependencies": [
            "data.aws_availability_zones.available",
            "module.vpc.aws_vpc.this",
            "module.vpc.aws_vpc_ipv4_cidr_block_association.this"
          ]
        }
      ]
    },
    {
      "module": "module.vpc",
      "mode": "managed",
      "type": "aws_route_table",
      "name": "public",
      "provider": "provider[\"registry.terraform.io/hashicorp/aws\"]",
      "instances": [
        {
          "index_key": 0,
          "schema_version": 0,
          "attributes": {
            "arn": "arn:aws:ec2:us-east-1:767397812108:route-table/rtb-06d90ebf8b8635528",
            "id": "rtb-06d90ebf8b8635528",
            "owner_id": "767397812108",
            "propagating_vgws": [],
            "region": "us-east-1",
            "route": [],
            "tags": {
              "Name": "MenuQR-vpc-public"
            },
            "tags_all": {
              "Name": "MenuQR-vpc-public"
            },
            "timeouts": null,
            "vpc_id": "vpc-07c0dc45d6acf97fa"
          },
          "sensitive_attributes": [],
          "identity_schema_version": 0,
          "identity": {
            "account_id": "767397812108",
            "id": "rtb-06d90ebf8b8635528",
            "region": "us-east-1"
          },
          "private": "eyJlMmJmYjczMC1lY2FhLTExZTYtOGY4OC0zNDM2M2JjN2M0YzAiOnsiY3JlYXRlIjozMDAwMDAwMDAwMDAsImRlbGV0ZSI6MzAwMDAwMDAwMDAwLCJ1cGRhdGUiOjEyMDAwMDAwMDAwMH19",
          "dependencies": [
            "data.aws_availability_zones.available",
            "module.vpc.aws_vpc.this",
            "module.vpc.aws_vpc_ipv4_cidr_block_association.this"
          ]
        }
      ]
    },
    {
      "module": "module.vpc",
      "mode": "managed",
      "type": "aws_route_table_association",
      "name": "database",
      "provider": "provider[\"registry.terraform.io/hashicorp/aws\"]",
      "instances": [
        {
          "index_key": 0,
          "schema_version": 0,
          "attributes": {
            "gateway_id": "",
            "id": "rtbassoc-07886664b2d42d09a",
            "region": "us-east-1",
            "route_table_id": "rtb-0a50769261f86a782",
            "subnet_id": "subnet-0240cf69fcf46160b",
            "timeouts": null
          },
          "sensitive_attributes": [],
          "identity_schema_version": 0,
          "identity": {
            "account_id": "767397812108",
            "id": "rtbassoc-07886664b2d42d09a",
            "region": "us-east-1"
          },
          "private": "eyJlMmJmYjczMC1lY2FhLTExZTYtOGY4OC0zNDM2M2JjN2M0YzAiOnsiY3JlYXRlIjozMDAwMDAwMDAwMDAsImRlbGV0ZSI6MzAwMDAwMDAwMDAwLCJ1cGRhdGUiOjEyMDAwMDAwMDAwMH19",
          "dependencies": [
            "data.aws_availability_zones.available",
            "module.vpc.aws_route_table.database",
            "module.vpc.aws_route_table.private",
            "module.vpc.aws_subnet.database",
            "module.vpc.aws_vpc.this",
            "module.vpc.aws_vpc_ipv4_cidr_block_association.this"
          ]
        },
        {
          "index_key": 1,
          "schema_version": 0,
          "attributes": {
            "gateway_id": "",
            "id": "rtbassoc-0dccfec016862a8a7",
            "region": "us-east-1",
            "route_table_id": "rtb-039d2b28f6c744263",
            "subnet_id": "subnet-0de275a1b3d48c55c",
            "timeouts": null
          },
          "sensitive_attributes": [],
          "identity_schema_version": 0,
          "identity": {
            "account_id": "767397812108",
            "id": "rtbassoc-0dccfec016862a8a7",
            "region": "us-east-1"
          },
          "private": "eyJlMmJmYjczMC1lY2FhLTExZTYtOGY4OC0zNDM2M2JjN2M0YzAiOnsiY3JlYXRlIjozMDAwMDAwMDAwMDAsImRlbGV0ZSI6MzAwMDAwMDAwMDAwLCJ1cGRhdGUiOjEyMDAwMDAwMDAwMH19",
          "dependencies": [
            "data.aws_availability_zones.available",
            "module.vpc.aws_route_table.database",
            "module.vpc.aws_route_table.private",
            "module.vpc.aws_subnet.database",
            "module.vpc.aws_vpc.this",
            "module.vpc.aws_vpc_ipv4_cidr_block_association.this"
          ]
        }
      ]
    },
    {
      "module": "module.vpc",
      "mode": "managed",
      "type": "aws_route_table_association",
      "name": "private",
      "provider": "provider[\"registry.terraform.io/hashicorp/aws\"]",
      "instances": [
        {
          "index_key": 0,
          "schema_version": 0,
          "attributes": {
            "gateway_id": "",
            "id": "rtbassoc-002cd0879f418a367",
            "region": "us-east-1",
            "route_table_id": "rtb-0a50769261f86a782",
            "subnet_id": "subnet-0455bf499f2264bd0",
            "timeouts": null
          },
          "sensitive_attributes": [],
          "identity_schema_version": 0,
          "identity": {
            "account_id": "767397812108",
            "id": "rtbassoc-002cd0879f418a367",
            "region": "us-east-1"
          },
          "private": "eyJlMmJmYjczMC1lY2FhLTExZTYtOGY4OC0zNDM2M2JjN2M0YzAiOnsiY3JlYXRlIjozMDAwMDAwMDAwMDAsImRlbGV0ZSI6MzAwMDAwMDAwMDAwLCJ1cGRhdGUiOjEyMDAwMDAwMDAwMH19",
          "dependencies": [
            "data.aws_availability_zones.available",
            "module.vpc.aws_route_table.private",
            "module.vpc.aws_subnet.private",
            "module.vpc.aws_vpc.this",
            "module.vpc.aws_vpc_ipv4_cidr_block_association.this"
          ]
        },
        {
          "index_key": 1,
          "schema_version": 0,
          "attributes": {
            "gateway_id": "",
            "id": "rtbassoc-0433ce6db469c73c2",
            "region": "us-east-1",
            "route_table_id": "rtb-039d2b28f6c744263",
            "subnet_id": "subnet-03e2100c19e8cd6ba",
            "timeouts": null
          },
          "sensitive_attributes": [],
          "identity_schema_version": 0,
          "identity": {
            "account_id": "767397812108",
            "id": "rtbassoc-0433ce6db469c73c2",
            "region": "us-east-1"
          },
          "private": "eyJlMmJmYjczMC1lY2FhLTExZTYtOGY4OC0zNDM2M2JjN2M0YzAiOnsiY3JlYXRlIjozMDAwMDAwMDAwMDAsImRlbGV0ZSI6MzAwMDAwMDAwMDAwLCJ1cGRhdGUiOjEyMDAwMDAwMDAwMH19",
          "dependencies": [
            "data.aws_availability_zones.available",
            "module.vpc.aws_route_table.private",
            "module.vpc.aws_subnet.private",
            "module.vpc.aws_vpc.this",
            "module.vpc.aws_vpc_ipv4_cidr_block_association.this"
          ]
        }
      ]
    },
    {
      "module": "module.vpc",
      "mode": "managed",
      "type": "aws_route_table_association",
      "name": "public",
      "provider": "provider[\"registry.terraform.io/hashicorp/aws\"]",
      "instances": [
        {
          "index_key": 0,
          "schema_version": 0,
          "attributes": {
            "gateway_id": "",
            "id": "rtbassoc-0a45dd5f44454291e",
            "region": "us-east-1",
            "route_table_id": "rtb-06d90ebf8b8635528",
            "subnet_id": "subnet-0ca2191dc772af18c",
            "timeouts": null
          },
          "sensitive_attributes": [],
          "identity_schema_version": 0,
          "identity": {
            "account_id": "767397812108",
            "id": "rtbassoc-0a45dd5f44454291e",
            "region": "us-east-1"
          },
          "private": "eyJlMmJmYjczMC1lY2FhLTExZTYtOGY4OC0zNDM2M2JjN2M0YzAiOnsiY3JlYXRlIjozMDAwMDAwMDAwMDAsImRlbGV0ZSI6MzAwMDAwMDAwMDAwLCJ1cGRhdGUiOjEyMDAwMDAwMDAwMH19",
          "dependencies": [
            "data.aws_availability_zones.available",
            "module.vpc.aws_route_table.public",
            "module.vpc.aws_subnet.public",
            "module.vpc.aws_vpc.this",
            "module.vpc.aws_vpc_ipv4_cidr_block_association.this"
          ]
        },
        {
          "index_key": 1,
          "schema_version": 0,
          "attributes": {
            "gateway_id": "",
            "id": "rtbassoc-032cd71af564776c5",
            "region": "us-east-1",
            "route_table_id": "rtb-06d90ebf8b8635528",
            "subnet_id": "subnet-0b108cc22f58ba3d5",
            "timeouts": null
          },
          "sensitive_attributes": [],
          "identity_schema_version": 0,
          "identity": {
            "account_id": "767397812108",
            "id": "rtbassoc-032cd71af564776c5",
            "region": "us-east-1"
          },
          "private": "eyJlMmJmYjczMC1lY2FhLTExZTYtOGY4OC0zNDM2M2JjN2M0YzAiOnsiY3JlYXRlIjozMDAwMDAwMDAwMDAsImRlbGV0ZSI6MzAwMDAwMDAwMDAwLCJ1cGRhdGUiOjEyMDAwMDAwMDAwMH19",
          "dependencies": [
            "data.aws_availability_zones.available",
            "module.vpc.aws_route_table.public",
            "module.vpc.aws_subnet.public",
            "module.vpc.aws_vpc.this",
            "module.vpc.aws_vpc_ipv4_cidr_block_association.this"
          ]
        }
      ]
    },
    {
      "module": "module.vpc",
      "mode": "managed",
      "type": "aws_subnet",
      "name": "database",
      "provider": "provider[\"registry.terraform.io/hashicorp/aws\"]",
      "instances": [
        {
          "index_key": 0,
          "schema_version": 1,
          "attributes": {
            "arn": "arn:aws:ec2:us-east-1:767397812108:subnet/subnet-0240cf69fcf46160b",
            "assign_ipv6_address_on_creation": false,
            "availability_zone": "us-east-1a",
            "availability_zone_id": "use1-az1",
            "cidr_block": "172.30.4.0/24",
            "customer_owned_ipv4_pool": "",
            "enable_dns64": false,
            "enable_lni_at_device_index": 0,
            "enable_resource_name_dns_a_record_on_launch": false,
            "enable_resource_name_dns_aaaa_record_on_launch": false,
            "id": "subnet-0240cf69fcf46160b",
            "ipv4_ipam_pool_id": null,
            "ipv4_netmask_length": null,
            "ipv6_cidr_block": "",
            "ipv6_cidr_block_association_id": "",
            "ipv6_ipam_pool_id": null,
            "ipv6_native": false,
            "ipv6_netmask_length": null,
            "map_customer_owned_ip_on_launch": false,
            "map_public_ip_on_launch": false,
            "outpost_arn": "",
            "owner_id": "767397812108",
            "private_dns_hostname_type_on_launch": "ip-name",
            "region": "us-east-1",
            "tags": {
              "Name": "MenuQR-vpc-db-us-east-1a"
            },
            "tags_all": {
              "Name": "MenuQR-vpc-db-us-east-1a"
            },
            "timeouts": null,
            "vpc_id": "vpc-07c0dc45d6acf97fa"
          },
          "sensitive_attributes": [],
          "identity_schema_version": 0,
          "identity": {
            "account_id": "767397812108",
            "id": "subnet-0240cf69fcf46160b",
            "region": "us-east-1"
          },
          "private": "eyJlMmJmYjczMC1lY2FhLTExZTYtOGY4OC0zNDM2M2JjN2M0YzAiOnsiY3JlYXRlIjo2MDAwMDAwMDAwMDAsImRlbGV0ZSI6MTIwMDAwMDAwMDAwMH0sInNjaGVtYV92ZXJzaW9uIjoiMSJ9",
          "dependencies": [
            "data.aws_availability_zones.available",
            "module.vpc.aws_vpc.this",
            "module.vpc.aws_vpc_ipv4_cidr_block_association.this"
          ]
        },
        {
          "index_key": 1,
          "schema_version": 1,
          "attributes": {
            "arn": "arn:aws:ec2:us-east-1:767397812108:subnet/subnet-0de275a1b3d48c55c",
            "assign_ipv6_address_on_creation": false,
            "availability_zone": "us-east-1b",
            "availability_zone_id": "use1-az2",
            "cidr_block": "172.30.5.0/24",
            "customer_owned_ipv4_pool": "",
            "enable_dns64": false,
            "enable_lni_at_device_index": 0,
            "enable_resource_name_dns_a_record_on_launch": false,
            "enable_resource_name_dns_aaaa_record_on_launch": false,
            "id": "subnet-0de275a1b3d48c55c",
            "ipv4_ipam_pool_id": null,
            "ipv4_netmask_length": null,
            "ipv6_cidr_block": "",
            "ipv6_cidr_block_association_id": "",
            "ipv6_ipam_pool_id": null,
            "ipv6_native": false,
            "ipv6_netmask_length": null,
            "map_customer_owned_ip_on_launch": false,
            "map_public_ip_on_launch": false,
            "outpost_arn": "",
            "owner_id": "767397812108",
            "private_dns_hostname_type_on_launch": "ip-name",
            "region": "us-east-1",
            "tags": {
              "Name": "MenuQR-vpc-db-us-east-1b"
            },
            "tags_all": {
              "Name": "MenuQR-vpc-db-us-east-1b"
            },
            "timeouts": null,
            "vpc_id": "vpc-07c0dc45d6acf97fa"
          },
          "sensitive_attributes": [],
          "identity_schema_version": 0,
          "identity": {
            "account_id": "767397812108",
            "id": "subnet-0de275a1b3d48c55c",
            "region": "us-east-1"
          },
          "private": "eyJlMmJmYjczMC1lY2FhLTExZTYtOGY4OC0zNDM2M2JjN2M0YzAiOnsiY3JlYXRlIjo2MDAwMDAwMDAwMDAsImRlbGV0ZSI6MTIwMDAwMDAwMDAwMH0sInNjaGVtYV92ZXJzaW9uIjoiMSJ9",
          "dependencies": [
            "data.aws_availability_zones.available",
            "module.vpc.aws_vpc.this",
            "module.vpc.aws_vpc_ipv4_cidr_block_association.this"
          ]
        }
      ]
    },
    {
      "module": "module.vpc",
      "mode": "managed",
      "type": "aws_subnet",
      "name": "private",
      "provider": "provider[\"registry.terraform.io/hashicorp/aws\"]",
      "instances": [
        {
          "index_key": 0,
          "schema_version": 1,
          "attributes": {
            "arn": "arn:aws:ec2:us-east-1:767397812108:subnet/subnet-0455bf499f2264bd0",
            "assign_ipv6_address_on_creation": false,
            "availability_zone": "us-east-1a",
            "availability_zone_id": "use1-az1",
            "cidr_block": "172.30.2.0/24",
            "customer_owned_ipv4_pool": "",
            "enable_dns64": false,
            "enable_lni_at_device_index": 0,
            "enable_resource_name_dns_a_record_on_launch": false,
            "enable_resource_name_dns_aaaa_record_on_launch": false,
            "id": "subnet-0455bf499f2264bd0",
            "ipv4_ipam_pool_id": null,
            "ipv4_netmask_length": null,
            "ipv6_cidr_block": "",
            "ipv6_cidr_block_association_id": "",
            "ipv6_ipam_pool_id": null,
            "ipv6_native": false,
            "ipv6_netmask_length": null,
            "map_customer_owned_ip_on_launch": false,
            "map_public_ip_on_launch": false,
            "outpost_arn": "",
            "owner_id": "767397812108",
            "private_dns_hostname_type_on_launch": "ip-name",
            "region": "us-east-1",
            "tags": {
              "Name": "MenuQR-vpc-private-us-east-1a"
            },
            "tags_all": {
              "Name": "MenuQR-vpc-private-us-east-1a"
            },
            "timeouts": null,
            "vpc_id": "vpc-07c0dc45d6acf97fa"
          },
          "sensitive_attributes": [],
          "identity_schema_version": 0,
          "identity": {
            "account_id": "767397812108",
            "id": "subnet-0455bf499f2264bd0",
            "region": "us-east-1"
          },
          "private": "eyJlMmJmYjczMC1lY2FhLTExZTYtOGY4OC0zNDM2M2JjN2M0YzAiOnsiY3JlYXRlIjo2MDAwMDAwMDAwMDAsImRlbGV0ZSI6MTIwMDAwMDAwMDAwMH0sInNjaGVtYV92ZXJzaW9uIjoiMSJ9",
          "dependencies": [
            "data.aws_availability_zones.available",
            "module.vpc.aws_vpc.this",
            "module.vpc.aws_vpc_ipv4_cidr_block_association.this"
          ]
        },
        {
          "index_key": 1,
          "schema_version": 1,
          "attributes": {
            "arn": "arn:aws:ec2:us-east-1:767397812108:subnet/subnet-03e2100c19e8cd6ba",
            "assign_ipv6_address_on_creation": false,
            "availability_zone": "us-east-1b",
            "availability_zone_id": "use1-az2",
            "cidr_block": "172.30.3.0/24",
            "customer_owned_ipv4_pool": "",
            "enable_dns64": false,
            "enable_lni_at_device_index": 0,
            "enable_resource_name_dns_a_record_on_launch": false,
            "enable_resource_name_dns_aaaa_record_on_launch": false,
            "id": "subnet-03e2100c19e8cd6ba",
            "ipv4_ipam_pool_id": null,
            "ipv4_netmask_length": null,
            "ipv6_cidr_block": "",
            "ipv6_cidr_block_association_id": "",
            "ipv6_ipam_pool_id": null,
            "ipv6_native": false,
            "ipv6_netmask_length": null,
            "map_customer_owned_ip_on_launch": false,
            "map_public_ip_on_launch": false,
            "outpost_arn": "",
            "owner_id": "767397812108",
            "private_dns_hostname_type_on_launch": "ip-name",
            "region": "us-east-1",
            "tags": {
              "Name": "MenuQR-vpc-private-us-east-1b"
            },
            "tags_all": {
              "Name": "MenuQR-vpc-private-us-east-1b"
            },
            "timeouts": null,
            "vpc_id": "vpc-07c0dc45d6acf97fa"
          },
          "sensitive_attributes": [],
          "identity_schema_version": 0,
          "identity": {
            "account_id": "767397812108",
            "id": "subnet-03e2100c19e8cd6ba",
            "region": "us-east-1"
          },
          "private": "eyJlMmJmYjczMC1lY2FhLTExZTYtOGY4OC0zNDM2M2JjN2M0YzAiOnsiY3JlYXRlIjo2MDAwMDAwMDAwMDAsImRlbGV0ZSI6MTIwMDAwMDAwMDAwMH0sInNjaGVtYV92ZXJzaW9uIjoiMSJ9",
          "dependencies": [
            "data.aws_availability_zones.available",
            "module.vpc.aws_vpc.this",
            "module.vpc.aws_vpc_ipv4_cidr_block_association.this"
          ]
        }
      ]
    },
    {
      "module": "module.vpc",
      "mode": "managed",
      "type": "aws_subnet",
      "name": "public",
      "provider": "provider[\"registry.terraform.io/hashicorp/aws\"]",
      "instances": [
        {
          "index_key": 0,
          "schema_version": 1,
          "attributes": {
            "arn": "arn:aws:ec2:us-east-1:767397812108:subnet/subnet-0ca2191dc772af18c",
            "assign_ipv6_address_on_creation": false,
            "availability_zone": "us-east-1a",
            "availability_zone_id": "use1-az1",
            "cidr_block": "172.30.0.0/24",
            "customer_owned_ipv4_pool": "",
            "enable_dns64": false,
            "enable_lni_at_device_index": 0,
            "enable_resource_name_dns_a_record_on_launch": false,
            "enable_resource_name_dns_aaaa_record_on_launch": false,
            "id": "subnet-0ca2191dc772af18c",
            "ipv4_ipam_pool_id": null,
            "ipv4_netmask_length": null,
            "ipv6_cidr_block": "",
            "ipv6_cidr_block_association_id": "",
            "ipv6_ipam_pool_id": null,
            "ipv6_native": false,
            "ipv6_netmask_length": null,
            "map_customer_owned_ip_on_launch": false,
            "map_public_ip_on_launch": false,
            "outpost_arn": "",
            "owner_id": "767397812108",
            "private_dns_hostname_type_on_launch": "ip-name",
            "region": "us-east-1",
            "tags": {
              "Name": "MenuQR-vpc-public-us-east-1a"
            },
            "tags_all": {
              "Name": "MenuQR-vpc-public-us-east-1a"
            },
            "timeouts": null,
            "vpc_id": "vpc-07c0dc45d6acf97fa"
          },
          "sensitive_attributes": [],
          "identity_schema_version": 0,
          "identity": {
            "account_id": "767397812108",
            "id": "subnet-0ca2191dc772af18c",
            "region": "us-east-1"
          },
          "private": "eyJlMmJmYjczMC1lY2FhLTExZTYtOGY4OC0zNDM2M2JjN2M0YzAiOnsiY3JlYXRlIjo2MDAwMDAwMDAwMDAsImRlbGV0ZSI6MTIwMDAwMDAwMDAwMH0sInNjaGVtYV92ZXJzaW9uIjoiMSJ9",
          "dependencies": [
            "data.aws_availability_zones.available",
            "module.vpc.aws_vpc.this",
            "module.vpc.aws_vpc_ipv4_cidr_block_association.this"
          ]
        },
        {
          "index_key": 1,
          "schema_version": 1,
          "attributes": {
            "arn": "arn:aws:ec2:us-east-1:767397812108:subnet/subnet-0b108cc22f58ba3d5",
            "assign_ipv6_address_on_creation": false,
            "availability_zone": "us-east-1b",
            "availability_zone_id": "use1-az2",
            "cidr_block": "172.30.1.0/24",
            "customer_owned_ipv4_pool": "",
            "enable_dns64": false,
            "enable_lni_at_device_index": 0,
            "enable_resource_name_dns_a_record_on_launch": false,
            "enable_resource_name_dns_aaaa_record_on_launch": false,
            "id": "subnet-0b108cc22f58ba3d5",
            "ipv4_ipam_pool_id": null,
            "ipv4_netmask_length": null,
            "ipv6_cidr_block": "",
            "ipv6_cidr_block_association_id": "",
            "ipv6_ipam_pool_id": null,
            "ipv6_native": false,
            "ipv6_netmask_length": null,
            "map_customer_owned_ip_on_launch": false,
            "map_public_ip_on_launch": false,
            "outpost_arn": "",
            "owner_id": "767397812108",
            "private_dns_hostname_type_on_launch": "ip-name",
            "region": "us-east-1",
            "tags": {
              "Name": "MenuQR-vpc-public-us-east-1b"
            },
            "tags_all": {
              "Name": "MenuQR-vpc-public-us-east-1b"
            },
            "timeouts": null,
            "vpc_id": "vpc-07c0dc45d6acf97fa"
          },
          "sensitive_attributes": [],
          "identity_schema_version": 0,
          "identity": {
            "account_id": "767397812108",
            "id": "subnet-0b108cc22f58ba3d5",
            "region": "us-east-1"
          },
          "private": "eyJlMmJmYjczMC1lY2FhLTExZTYtOGY4OC0zNDM2M2JjN2M0YzAiOnsiY3JlYXRlIjo2MDAwMDAwMDAwMDAsImRlbGV0ZSI6MTIwMDAwMDAwMDAwMH0sInNjaGVtYV92ZXJzaW9uIjoiMSJ9",
          "dependencies": [
            "data.aws_availability_zones.available",
            "module.vpc.aws_vpc.this",
            "module.vpc.aws_vpc_ipv4_cidr_block_association.this"
          ]
        }
      ]
    },
    {
      "module": "module.vpc",
      "mode": "managed",
      "type": "aws_vpc",
      "name": "this",
      "provider": "provider[\"registry.terraform.io/hashicorp/aws\"]",
      "instances": [
        {
          "index_key": 0,
          "schema_version": 1,
          "attributes": {
            "arn": "arn:aws:ec2:us-east-1:767397812108:vpc/vpc-07c0dc45d6acf97fa",
            "assign_generated_ipv6_cidr_block": false,
            "cidr_block": "172.30.0.0/16",
            "default_network_acl_id": "acl-04c0917dc5c4348b7",
            "default_route_table_id": "rtb-06b6e0d216778bdc5",
            "default_security_group_id": "sg-0b808abb682267369",
            "dhcp_options_id": "dopt-07e2fa5263c4a6fa3",
            "enable_dns_hostnames": true,
            "enable_dns_support": true,
            "enable_network_address_usage_metrics": false,
            "id": "vpc-07c0dc45d6acf97fa",
            "instance_tenancy": "default",
            "ipv4_ipam_pool_id": null,
            "ipv4_netmask_length": null,
            "ipv6_association_id": "",
            "ipv6_cidr_block": "",
            "ipv6_cidr_block_network_border_group": "",
            "ipv6_ipam_pool_id": "",
            "ipv6_netmask_length": 0,
            "main_route_table_id": "rtb-06b6e0d216778bdc5",
            "owner_id": "767397812108",
            "region": "us-east-1",
            "tags": {
              "Name": "MenuQR-vpc"
            },
            "tags_all": {
              "Name": "MenuQR-vpc"
            }
          },
          "sensitive_attributes": [],
          "identity_schema_version": 0,
          "identity": {
            "account_id": "767397812108",
            "id": "vpc-07c0dc45d6acf97fa",
            "region": "us-east-1"
          },
          "private": "eyJzY2hlbWFfdmVyc2lvbiI6IjEifQ==",
          "create_before_destroy": true
        }
      ]
    }
  ],
  "check_results": null
}
